// !$*UTF8*$!
{
	archiveVersion = 1;
	classes = {
	};
	objectVersion = 46;
	objects = {

/* Begin PBXBuildFile section */
		C989F1C119AF07AB002608F7 /* Foundation.framework in Frameworks */ = {isa = PBXBuildFile; fileRef = C989F1C019AF07AB002608F7 /* Foundation.framework */; };
		C989F1C319AF07AC002608F7 /* CoreGraphics.framework in Frameworks */ = {isa = PBXBuildFile; fileRef = C989F1C219AF07AC002608F7 /* CoreGraphics.framework */; };
		C989F1C519AF07AC002608F7 /* UIKit.framework in Frameworks */ = {isa = PBXBuildFile; fileRef = C989F1C419AF07AC002608F7 /* UIKit.framework */; };
		C989F1CB19AF07AC002608F7 /* InfoPlist.strings in Resources */ = {isa = PBXBuildFile; fileRef = C989F1C919AF07AC002608F7 /* InfoPlist.strings */; };
		C989F1CD19AF07AC002608F7 /* main.m in Sources */ = {isa = PBXBuildFile; fileRef = C989F1CC19AF07AC002608F7 /* main.m */; };
		C989F1D119AF07AC002608F7 /* AppDelegate.m in Sources */ = {isa = PBXBuildFile; fileRef = C989F1D019AF07AC002608F7 /* AppDelegate.m */; };
		C989F1D419AF07AC002608F7 /* Main.storyboard in Resources */ = {isa = PBXBuildFile; fileRef = C989F1D219AF07AC002608F7 /* Main.storyboard */; };
		C989F1D719AF07AC002608F7 /* ViewController.m in Sources */ = {isa = PBXBuildFile; fileRef = C989F1D619AF07AC002608F7 /* ViewController.m */; };
		C989F1D919AF07AC002608F7 /* Images.xcassets in Resources */ = {isa = PBXBuildFile; fileRef = C989F1D819AF07AC002608F7 /* Images.xcassets */; };
		C989F1E019AF07AC002608F7 /* XCTest.framework in Frameworks */ = {isa = PBXBuildFile; fileRef = C989F1DF19AF07AC002608F7 /* XCTest.framework */; };
		C989F1E119AF07AC002608F7 /* Foundation.framework in Frameworks */ = {isa = PBXBuildFile; fileRef = C989F1C019AF07AB002608F7 /* Foundation.framework */; };
		C989F1E219AF07AC002608F7 /* UIKit.framework in Frameworks */ = {isa = PBXBuildFile; fileRef = C989F1C419AF07AC002608F7 /* UIKit.framework */; };
		C989F1EA19AF07AC002608F7 /* InfoPlist.strings in Resources */ = {isa = PBXBuildFile; fileRef = C989F1E819AF07AC002608F7 /* InfoPlist.strings */; };
		C989F1EC19AF07AC002608F7 /* KZPMusicKeyboardTests.m in Sources */ = {isa = PBXBuildFile; fileRef = C989F1EB19AF07AC002608F7 /* KZPMusicKeyboardTests.m */; };
		C989F2B019AF0A8E002608F7 /* KZPMusicKeyboardView.xib in Resources */ = {isa = PBXBuildFile; fileRef = C989F2A719AF0A8E002608F7 /* KZPMusicKeyboardView.xib */; };
		C989F2B119AF0A8E002608F7 /* KZPMusicKeyboardViewController.m in Sources */ = {isa = PBXBuildFile; fileRef = C989F2A919AF0A8E002608F7 /* KZPMusicKeyboardViewController.m */; };
		C989F2B319AF0A8E002608F7 /* KZPMusicKeyboardManager.m in Sources */ = {isa = PBXBuildFile; fileRef = C989F2AD19AF0A8E002608F7 /* KZPMusicKeyboardManager.m */; };
		C989F2B419AF0A8E002608F7 /* KZPMusicTextField.m in Sources */ = {isa = PBXBuildFile; fileRef = C989F2AF19AF0A8E002608F7 /* KZPMusicTextField.m */; };
		C989F2BA19AF0C01002608F7 /* AGWindowView.m in Sources */ = {isa = PBXBuildFile; fileRef = C989F2B719AF0C01002608F7 /* AGWindowView.m */; };
		C989F2BB19AF0C01002608F7 /* AGWindowViewTest.m in Sources */ = {isa = PBXBuildFile; fileRef = C989F2B919AF0C01002608F7 /* AGWindowViewTest.m */; };
		C989F2BE19AF0C2F002608F7 /* UIView+frameOperations.m in Sources */ = {isa = PBXBuildFile; fileRef = C989F2BD19AF0C2F002608F7 /* UIView+frameOperations.m */; };
		C989F2C319AF0E5E002608F7 /* SenTestingKit.framework in Frameworks */ = {isa = PBXBuildFile; fileRef = C989F2C219AF0E5E002608F7 /* SenTestingKit.framework */; };
		C989F2E119AF1D63002608F7 /* backspace.png in Resources */ = {isa = PBXBuildFile; fileRef = C989F2CA19AF1D63002608F7 /* backspace.png */; };
		C989F2E219AF1D63002608F7 /* bg-wood.jpg in Resources */ = {isa = PBXBuildFile; fileRef = C989F2CB19AF1D63002608F7 /* bg-wood.jpg */; };
		C989F2E319AF1D63002608F7 /* ebony_keydown.png in Resources */ = {isa = PBXBuildFile; fileRef = C989F2CC19AF1D63002608F7 /* ebony_keydown.png */; };
		C989F2E419AF1D63002608F7 /* ebony_keyup.png in Resources */ = {isa = PBXBuildFile; fileRef = C989F2CD19AF1D63002608F7 /* ebony_keyup.png */; };
		C989F2E519AF1D63002608F7 /* ivory_keydown.png in Resources */ = {isa = PBXBuildFile; fileRef = C989F2CE19AF1D63002608F7 /* ivory_keydown.png */; };
		C989F2E619AF1D63002608F7 /* ivory_keyup.png in Resources */ = {isa = PBXBuildFile; fileRef = C989F2CF19AF1D63002608F7 /* ivory_keyup.png */; };
		C989F2E719AF1D63002608F7 /* keyboard_map.jpeg in Resources */ = {isa = PBXBuildFile; fileRef = C989F2D019AF1D63002608F7 /* keyboard_map.jpeg */; };
		C989F2E819AF1D63002608F7 /* music-crotchet.png in Resources */ = {isa = PBXBuildFile; fileRef = C989F2D119AF1D63002608F7 /* music-crotchet.png */; };
		C989F2E919AF1D63002608F7 /* music-dot.png in Resources */ = {isa = PBXBuildFile; fileRef = C989F2D219AF1D63002608F7 /* music-dot.png */; };
		C989F2EA19AF1D63002608F7 /* music-double-flat.png in Resources */ = {isa = PBXBuildFile; fileRef = C989F2D319AF1D63002608F7 /* music-double-flat.png */; };
		C989F2EB19AF1D63002608F7 /* music-double-sharp.png in Resources */ = {isa = PBXBuildFile; fileRef = C989F2D419AF1D63002608F7 /* music-double-sharp.png */; };
		C989F2EC19AF1D63002608F7 /* music-dsquaver.png in Resources */ = {isa = PBXBuildFile; fileRef = C989F2D519AF1D63002608F7 /* music-dsquaver.png */; };
		C989F2ED19AF1D63002608F7 /* music-flat.png in Resources */ = {isa = PBXBuildFile; fileRef = C989F2D619AF1D63002608F7 /* music-flat.png */; };
		C989F2EE19AF1D63002608F7 /* music-minim.png in Resources */ = {isa = PBXBuildFile; fileRef = C989F2D719AF1D63002608F7 /* music-minim.png */; };
		C989F2EF19AF1D63002608F7 /* music-natural.png in Resources */ = {isa = PBXBuildFile; fileRef = C989F2D819AF1D63002608F7 /* music-natural.png */; };
		C989F2F019AF1D63002608F7 /* music-quaver.png in Resources */ = {isa = PBXBuildFile; fileRef = C989F2D919AF1D63002608F7 /* music-quaver.png */; };
		C989F2F119AF1D63002608F7 /* music-sharp.png in Resources */ = {isa = PBXBuildFile; fileRef = C989F2DA19AF1D63002608F7 /* music-sharp.png */; };
		C989F2F219AF1D63002608F7 /* music-squaver.png in Resources */ = {isa = PBXBuildFile; fileRef = C989F2DB19AF1D63002608F7 /* music-squaver.png */; };
		C989F2F319AF1D63002608F7 /* music-tie.png in Resources */ = {isa = PBXBuildFile; fileRef = C989F2DC19AF1D63002608F7 /* music-tie.png */; };
		C989F2F419AF1D63002608F7 /* music-wt.png in Resources */ = {isa = PBXBuildFile; fileRef = C989F2DD19AF1D63002608F7 /* music-wt.png */; };
		C989F2F519AF1D63002608F7 /* musis-rests.png in Resources */ = {isa = PBXBuildFile; fileRef = C989F2DE19AF1D63002608F7 /* musis-rests.png */; };
		C989F2F619AF1D63002608F7 /* piano_icon.png in Resources */ = {isa = PBXBuildFile; fileRef = C989F2DF19AF1D63002608F7 /* piano_icon.png */; };
		C989F2F719AF1D63002608F7 /* qwerty.png in Resources */ = {isa = PBXBuildFile; fileRef = C989F2E019AF1D63002608F7 /* qwerty.png */; };
		C989F3A919AF59B6002608F7 /* piano_keyboard.png in Resources */ = {isa = PBXBuildFile; fileRef = C989F3A819AF59B6002608F7 /* piano_keyboard.png */; };
		C989F51F19AF853E002608F7 /* KZPMusicKeyboard.h in Headers */ = {isa = PBXBuildFile; fileRef = C989F51D19AF848B002608F7 /* KZPMusicKeyboard.h */; };
		C9A2FD0C1A5D68D800B92463 /* OpenALSupport.c in Sources */ = {isa = PBXBuildFile; fileRef = C9A2FD081A5D68D800B92463 /* OpenALSupport.c */; };
		C9A2FD0D1A5D68D800B92463 /* OpenALSupport.h in Headers */ = {isa = PBXBuildFile; fileRef = C9A2FD091A5D68D800B92463 /* OpenALSupport.h */; };
		C9A2FD0E1A5D68D800B92463 /* SoundBankPlayer.h in Headers */ = {isa = PBXBuildFile; fileRef = C9A2FD0A1A5D68D800B92463 /* SoundBankPlayer.h */; };
		C9A2FD0F1A5D68D800B92463 /* SoundBankPlayer.m in Sources */ = {isa = PBXBuildFile; fileRef = C9A2FD0B1A5D68D800B92463 /* SoundBankPlayer.m */; };
		C9A2FD7A1A5D68E800B92463 /* P200 Piano A#2.caf in Resources */ = {isa = PBXBuildFile; fileRef = C9A2FD121A5D68E800B92463 /* P200 Piano A#2.caf */; };
		C9A2FD7B1A5D68E800B92463 /* P200 Piano A#3.caf in Resources */ = {isa = PBXBuildFile; fileRef = C9A2FD131A5D68E800B92463 /* P200 Piano A#3.caf */; };
		C9A2FD7C1A5D68E800B92463 /* P200 Piano A#4.caf in Resources */ = {isa = PBXBuildFile; fileRef = C9A2FD141A5D68E800B92463 /* P200 Piano A#4.caf */; };
		C9A2FD7D1A5D68E800B92463 /* P200 Piano A#5.caf in Resources */ = {isa = PBXBuildFile; fileRef = C9A2FD151A5D68E800B92463 /* P200 Piano A#5.caf */; };
		C9A2FD7E1A5D68E800B92463 /* P200 Piano A#7.caf in Resources */ = {isa = PBXBuildFile; fileRef = C9A2FD161A5D68E800B92463 /* P200 Piano A#7.caf */; };
		C9A2FD7F1A5D68E800B92463 /* P200 Piano C10.caf in Resources */ = {isa = PBXBuildFile; fileRef = C9A2FD171A5D68E800B92463 /* P200 Piano C10.caf */; };
		C9A2FD801A5D68E800B92463 /* P200 Piano C7.caf in Resources */ = {isa = PBXBuildFile; fileRef = C9A2FD181A5D68E800B92463 /* P200 Piano C7.caf */; };
		C9A2FD811A5D68E800B92463 /* P200 Piano D#8.caf in Resources */ = {isa = PBXBuildFile; fileRef = C9A2FD191A5D68E800B92463 /* P200 Piano D#8.caf */; };
		C9A2FD821A5D68E800B92463 /* P200 Piano D2.caf in Resources */ = {isa = PBXBuildFile; fileRef = C9A2FD1A1A5D68E800B92463 /* P200 Piano D2.caf */; };
		C9A2FD831A5D68E800B92463 /* P200 Piano D3.caf in Resources */ = {isa = PBXBuildFile; fileRef = C9A2FD1B1A5D68E800B92463 /* P200 Piano D3.caf */; };
		C9A2FD841A5D68E800B92463 /* P200 Piano D4.caf in Resources */ = {isa = PBXBuildFile; fileRef = C9A2FD1C1A5D68E800B92463 /* P200 Piano D4.caf */; };
		C9A2FD851A5D68E800B92463 /* P200 Piano D5.caf in Resources */ = {isa = PBXBuildFile; fileRef = C9A2FD1D1A5D68E800B92463 /* P200 Piano D5.caf */; };
		C9A2FD861A5D68E800B92463 /* P200 Piano D6.caf in Resources */ = {isa = PBXBuildFile; fileRef = C9A2FD1E1A5D68E800B92463 /* P200 Piano D6.caf */; };
		C9A2FD871A5D68E800B92463 /* P200 Piano F#2.caf in Resources */ = {isa = PBXBuildFile; fileRef = C9A2FD1F1A5D68E800B92463 /* P200 Piano F#2.caf */; };
		C9A2FD881A5D68E800B92463 /* P200 Piano F#3.caf in Resources */ = {isa = PBXBuildFile; fileRef = C9A2FD201A5D68E800B92463 /* P200 Piano F#3.caf */; };
		C9A2FD891A5D68E800B92463 /* P200 Piano F#4.caf in Resources */ = {isa = PBXBuildFile; fileRef = C9A2FD211A5D68E800B92463 /* P200 Piano F#4.caf */; };
		C9A2FD8A1A5D68E800B92463 /* P200 Piano F#5.caf in Resources */ = {isa = PBXBuildFile; fileRef = C9A2FD221A5D68E800B92463 /* P200 Piano F#5.caf */; };
		C9A2FD8B1A5D68E800B92463 /* P200 Piano F#6.caf in Resources */ = {isa = PBXBuildFile; fileRef = C9A2FD231A5D68E800B92463 /* P200 Piano F#6.caf */; };
		C9A2FD8C1A5D68E800B92463 /* P200 Piano F#7.caf in Resources */ = {isa = PBXBuildFile; fileRef = C9A2FD241A5D68E800B92463 /* P200 Piano F#7.caf */; };
		C9A2FD8D1A5D68E800B92463 /* P200 Piano G#9.caf in Resources */ = {isa = PBXBuildFile; fileRef = C9A2FD251A5D68E800B92463 /* P200 Piano G#9.caf */; };
		C9A2FD8E1A5D68E800B92463 /* Piano.plist in Resources */ = {isa = PBXBuildFile; fileRef = C9A2FD261A5D68E800B92463 /* Piano.plist */; };
		C9A2FDE31A5D704900B92463 /* Rhodes.plist in Resources */ = {isa = PBXBuildFile; fileRef = C9A2FDE21A5D704900B92463 /* Rhodes.plist */; };
		C9A2FE291A5E202D00B92463 /* Rhodes C2.caf in Resources */ = {isa = PBXBuildFile; fileRef = C9A2FE1C1A5E202D00B92463 /* Rhodes C2.caf */; };
		C9A2FE2A1A5E202D00B92463 /* Rhodes C3.caf in Resources */ = {isa = PBXBuildFile; fileRef = C9A2FE1D1A5E202D00B92463 /* Rhodes C3.caf */; };
		C9A2FE2B1A5E202D00B92463 /* Rhodes C4.caf in Resources */ = {isa = PBXBuildFile; fileRef = C9A2FE1E1A5E202D00B92463 /* Rhodes C4.caf */; };
		C9A2FE2C1A5E202D00B92463 /* Rhodes C5.caf in Resources */ = {isa = PBXBuildFile; fileRef = C9A2FE1F1A5E202D00B92463 /* Rhodes C5.caf */; };
		C9A2FE2D1A5E202D00B92463 /* Rhodes C6.caf in Resources */ = {isa = PBXBuildFile; fileRef = C9A2FE201A5E202D00B92463 /* Rhodes C6.caf */; };
		C9A2FE2E1A5E202D00B92463 /* Rhodes C7.caf in Resources */ = {isa = PBXBuildFile; fileRef = C9A2FE211A5E202D00B92463 /* Rhodes C7.caf */; };
		C9A2FE2F1A5E202D00B92463 /* Rhodes C8.caf in Resources */ = {isa = PBXBuildFile; fileRef = C9A2FE221A5E202D00B92463 /* Rhodes C8.caf */; };
		C9A2FE301A5E202D00B92463 /* Rhodes E3.caf in Resources */ = {isa = PBXBuildFile; fileRef = C9A2FE231A5E202D00B92463 /* Rhodes E3.caf */; };
		C9A2FE311A5E202D00B92463 /* Rhodes G2.caf in Resources */ = {isa = PBXBuildFile; fileRef = C9A2FE241A5E202D00B92463 /* Rhodes G2.caf */; };
		C9A2FE321A5E202D00B92463 /* Rhodes G4.caf in Resources */ = {isa = PBXBuildFile; fileRef = C9A2FE251A5E202D00B92463 /* Rhodes G4.caf */; };
		C9A2FE331A5E202D00B92463 /* Rhodes G5.caf in Resources */ = {isa = PBXBuildFile; fileRef = C9A2FE261A5E202D00B92463 /* Rhodes G5.caf */; };
		C9A2FE341A5E202D00B92463 /* Rhodes G6.caf in Resources */ = {isa = PBXBuildFile; fileRef = C9A2FE271A5E202D00B92463 /* Rhodes G6.caf */; };
		C9A2FE351A5E202D00B92463 /* Rhodes G7.caf in Resources */ = {isa = PBXBuildFile; fileRef = C9A2FE281A5E202D00B92463 /* Rhodes G7.caf */; };
		C9AECF8C1A44E5610050733C /* music-double-flat-inverted.png in Resources */ = {isa = PBXBuildFile; fileRef = C9AECF8B1A44E5610050733C /* music-double-flat-inverted.png */; };
		C9AECF911A44E7020050733C /* music-double-sharp-inverted.png in Resources */ = {isa = PBXBuildFile; fileRef = C9AECF8D1A44E7020050733C /* music-double-sharp-inverted.png */; };
		C9AECF921A44E7020050733C /* music-flat-inverted.png in Resources */ = {isa = PBXBuildFile; fileRef = C9AECF8E1A44E7020050733C /* music-flat-inverted.png */; };
		C9AECF931A44E7020050733C /* music-natural-inverted.png in Resources */ = {isa = PBXBuildFile; fileRef = C9AECF8F1A44E7020050733C /* music-natural-inverted.png */; };
		C9AECF941A44E7020050733C /* music-sharp-inverted.png in Resources */ = {isa = PBXBuildFile; fileRef = C9AECF901A44E7020050733C /* music-sharp-inverted.png */; };
		C9AECFDD1A451AFE0050733C /* NSArray+functions.h in Headers */ = {isa = PBXBuildFile; fileRef = C9AECFD31A451AFE0050733C /* NSArray+functions.h */; };
		C9AECFDE1A451AFE0050733C /* NSArray+functions.m in Sources */ = {isa = PBXBuildFile; fileRef = C9AECFD41A451AFE0050733C /* NSArray+functions.m */; };
		C9AECFDF1A451AFE0050733C /* NSSet+SetOperations.h in Headers */ = {isa = PBXBuildFile; fileRef = C9AECFD51A451AFE0050733C /* NSSet+SetOperations.h */; };
		C9AECFE01A451AFE0050733C /* NSSet+SetOperations.m in Sources */ = {isa = PBXBuildFile; fileRef = C9AECFD61A451AFE0050733C /* NSSet+SetOperations.m */; };
		C9AECFE11A451AFE0050733C /* NSString+functions.h in Headers */ = {isa = PBXBuildFile; fileRef = C9AECFD71A451AFE0050733C /* NSString+functions.h */; };
		C9AECFE21A451AFE0050733C /* NSString+functions.m in Sources */ = {isa = PBXBuildFile; fileRef = C9AECFD81A451AFE0050733C /* NSString+functions.m */; };
		C9AECFE31A451AFE0050733C /* SciNotation.h in Headers */ = {isa = PBXBuildFile; fileRef = C9AECFD91A451AFE0050733C /* SciNotation.h */; };
		C9AECFE41A451AFE0050733C /* SciNotation.m in Sources */ = {isa = PBXBuildFile; fileRef = C9AECFDA1A451AFE0050733C /* SciNotation.m */; };
		C9AECFE51A451AFE0050733C /* Utilities.h in Headers */ = {isa = PBXBuildFile; fileRef = C9AECFDB1A451AFE0050733C /* Utilities.h */; };
		C9AECFE61A451AFE0050733C /* Utilities.m in Sources */ = {isa = PBXBuildFile; fileRef = C9AECFDC1A451AFE0050733C /* Utilities.m */; };
		C9AED3B31A5A9D8D0050733C /* music-accidentals.png in Resources */ = {isa = PBXBuildFile; fileRef = C9AED3B21A5A9D8D0050733C /* music-accidentals.png */; };
/* End PBXBuildFile section */

/* Begin PBXContainerItemProxy section */
		C989F1E319AF07AC002608F7 /* PBXContainerItemProxy */ = {
			isa = PBXContainerItemProxy;
			containerPortal = C989F1B519AF07AB002608F7 /* Project object */;
			proxyType = 1;
			remoteGlobalIDString = C989F1BC19AF07AB002608F7;
			remoteInfo = KZPMusicKeyboard;
		};
/* End PBXContainerItemProxy section */

/* Begin PBXFileReference section */
		C989F1BD19AF07AB002608F7 /* KZPMusicKeyboard.app */ = {isa = PBXFileReference; explicitFileType = wrapper.application; includeInIndex = 0; path = KZPMusicKeyboard.app; sourceTree = BUILT_PRODUCTS_DIR; };
		C989F1C019AF07AB002608F7 /* Foundation.framework */ = {isa = PBXFileReference; lastKnownFileType = wrapper.framework; name = Foundation.framework; path = System/Library/Frameworks/Foundation.framework; sourceTree = SDKROOT; };
		C989F1C219AF07AC002608F7 /* CoreGraphics.framework */ = {isa = PBXFileReference; lastKnownFileType = wrapper.framework; name = CoreGraphics.framework; path = System/Library/Frameworks/CoreGraphics.framework; sourceTree = SDKROOT; };
		C989F1C419AF07AC002608F7 /* UIKit.framework */ = {isa = PBXFileReference; lastKnownFileType = wrapper.framework; name = UIKit.framework; path = System/Library/Frameworks/UIKit.framework; sourceTree = SDKROOT; };
		C989F1C819AF07AC002608F7 /* KZPMusicKeyboard-Info.plist */ = {isa = PBXFileReference; lastKnownFileType = text.plist.xml; path = "KZPMusicKeyboard-Info.plist"; sourceTree = "<group>"; };
		C989F1CA19AF07AC002608F7 /* en */ = {isa = PBXFileReference; lastKnownFileType = text.plist.strings; name = en; path = en.lproj/InfoPlist.strings; sourceTree = "<group>"; };
		C989F1CC19AF07AC002608F7 /* main.m */ = {isa = PBXFileReference; lastKnownFileType = sourcecode.c.objc; path = main.m; sourceTree = "<group>"; };
		C989F1CE19AF07AC002608F7 /* KZPMusicKeyboard-Prefix.pch */ = {isa = PBXFileReference; lastKnownFileType = sourcecode.c.h; path = "KZPMusicKeyboard-Prefix.pch"; sourceTree = "<group>"; };
		C989F1CF19AF07AC002608F7 /* AppDelegate.h */ = {isa = PBXFileReference; lastKnownFileType = sourcecode.c.h; path = AppDelegate.h; sourceTree = "<group>"; };
		C989F1D019AF07AC002608F7 /* AppDelegate.m */ = {isa = PBXFileReference; lastKnownFileType = sourcecode.c.objc; path = AppDelegate.m; sourceTree = "<group>"; };
		C989F1D319AF07AC002608F7 /* Base */ = {isa = PBXFileReference; lastKnownFileType = file.storyboard; name = Base; path = Base.lproj/Main.storyboard; sourceTree = "<group>"; };
		C989F1D519AF07AC002608F7 /* ViewController.h */ = {isa = PBXFileReference; lastKnownFileType = sourcecode.c.h; path = ViewController.h; sourceTree = "<group>"; };
		C989F1D619AF07AC002608F7 /* ViewController.m */ = {isa = PBXFileReference; lastKnownFileType = sourcecode.c.objc; path = ViewController.m; sourceTree = "<group>"; };
		C989F1D819AF07AC002608F7 /* Images.xcassets */ = {isa = PBXFileReference; lastKnownFileType = folder.assetcatalog; path = Images.xcassets; sourceTree = "<group>"; };
		C989F1DE19AF07AC002608F7 /* KZPMusicKeyboardTests.xctest */ = {isa = PBXFileReference; explicitFileType = wrapper.cfbundle; includeInIndex = 0; path = KZPMusicKeyboardTests.xctest; sourceTree = BUILT_PRODUCTS_DIR; };
		C989F1DF19AF07AC002608F7 /* XCTest.framework */ = {isa = PBXFileReference; lastKnownFileType = wrapper.framework; name = XCTest.framework; path = Library/Frameworks/XCTest.framework; sourceTree = DEVELOPER_DIR; };
		C989F1E719AF07AC002608F7 /* KZPMusicKeyboardTests-Info.plist */ = {isa = PBXFileReference; lastKnownFileType = text.plist.xml; path = "KZPMusicKeyboardTests-Info.plist"; sourceTree = "<group>"; };
		C989F1E919AF07AC002608F7 /* en */ = {isa = PBXFileReference; lastKnownFileType = text.plist.strings; name = en; path = en.lproj/InfoPlist.strings; sourceTree = "<group>"; };
		C989F1EB19AF07AC002608F7 /* KZPMusicKeyboardTests.m */ = {isa = PBXFileReference; lastKnownFileType = sourcecode.c.objc; path = KZPMusicKeyboardTests.m; sourceTree = "<group>"; };
		C989F2A719AF0A8E002608F7 /* KZPMusicKeyboardView.xib */ = {isa = PBXFileReference; fileEncoding = 4; lastKnownFileType = file.xib; name = KZPMusicKeyboardView.xib; path = ../Source/KZPMusicKeyboardView.xib; sourceTree = "<group>"; };
		C989F2A819AF0A8E002608F7 /* KZPMusicKeyboardViewController.h */ = {isa = PBXFileReference; fileEncoding = 4; lastKnownFileType = sourcecode.c.h; name = KZPMusicKeyboardViewController.h; path = ../Source/KZPMusicKeyboardViewController.h; sourceTree = "<group>"; };
		C989F2A919AF0A8E002608F7 /* KZPMusicKeyboardViewController.m */ = {isa = PBXFileReference; fileEncoding = 4; lastKnownFileType = sourcecode.c.objc; name = KZPMusicKeyboardViewController.m; path = ../Source/KZPMusicKeyboardViewController.m; sourceTree = "<group>"; };
		C989F2AC19AF0A8E002608F7 /* KZPMusicKeyboardManager.h */ = {isa = PBXFileReference; fileEncoding = 4; lastKnownFileType = sourcecode.c.h; name = KZPMusicKeyboardManager.h; path = ../Source/KZPMusicKeyboardManager.h; sourceTree = "<group>"; };
		C989F2AD19AF0A8E002608F7 /* KZPMusicKeyboardManager.m */ = {isa = PBXFileReference; fileEncoding = 4; lastKnownFileType = sourcecode.c.objc; name = KZPMusicKeyboardManager.m; path = ../Source/KZPMusicKeyboardManager.m; sourceTree = "<group>"; };
		C989F2AE19AF0A8E002608F7 /* KZPMusicTextField.h */ = {isa = PBXFileReference; fileEncoding = 4; lastKnownFileType = sourcecode.c.h; name = KZPMusicTextField.h; path = ../Source/KZPMusicTextField.h; sourceTree = "<group>"; };
		C989F2AF19AF0A8E002608F7 /* KZPMusicTextField.m */ = {isa = PBXFileReference; fileEncoding = 4; lastKnownFileType = sourcecode.c.objc; name = KZPMusicTextField.m; path = ../Source/KZPMusicTextField.m; sourceTree = "<group>"; };
		C989F2B619AF0C01002608F7 /* AGWindowView.h */ = {isa = PBXFileReference; fileEncoding = 4; lastKnownFileType = sourcecode.c.h; path = AGWindowView.h; sourceTree = "<group>"; };
		C989F2B719AF0C01002608F7 /* AGWindowView.m */ = {isa = PBXFileReference; fileEncoding = 4; lastKnownFileType = sourcecode.c.objc; path = AGWindowView.m; sourceTree = "<group>"; };
		C989F2B819AF0C01002608F7 /* AGWindowViewDefines.h */ = {isa = PBXFileReference; fileEncoding = 4; lastKnownFileType = sourcecode.c.h; path = AGWindowViewDefines.h; sourceTree = "<group>"; };
		C989F2B919AF0C01002608F7 /* AGWindowViewTest.m */ = {isa = PBXFileReference; fileEncoding = 4; lastKnownFileType = sourcecode.c.objc; path = AGWindowViewTest.m; sourceTree = "<group>"; };
		C989F2BC19AF0C2F002608F7 /* UIView+frameOperations.h */ = {isa = PBXFileReference; fileEncoding = 4; lastKnownFileType = sourcecode.c.h; name = "UIView+frameOperations.h"; path = "../Source/UIView+frameOperations.h"; sourceTree = "<group>"; };
		C989F2BD19AF0C2F002608F7 /* UIView+frameOperations.m */ = {isa = PBXFileReference; fileEncoding = 4; lastKnownFileType = sourcecode.c.objc; name = "UIView+frameOperations.m"; path = "../Source/UIView+frameOperations.m"; sourceTree = "<group>"; };
		C989F2C219AF0E5E002608F7 /* SenTestingKit.framework */ = {isa = PBXFileReference; lastKnownFileType = wrapper.framework; name = SenTestingKit.framework; path = Library/Frameworks/SenTestingKit.framework; sourceTree = DEVELOPER_DIR; };
		C989F2CA19AF1D63002608F7 /* backspace.png */ = {isa = PBXFileReference; lastKnownFileType = image.png; name = backspace.png; path = ../Assets/Images/backspace.png; sourceTree = "<group>"; };
		C989F2CB19AF1D63002608F7 /* bg-wood.jpg */ = {isa = PBXFileReference; lastKnownFileType = image.jpeg; name = "bg-wood.jpg"; path = "../Assets/Images/bg-wood.jpg"; sourceTree = "<group>"; };
		C989F2CC19AF1D63002608F7 /* ebony_keydown.png */ = {isa = PBXFileReference; lastKnownFileType = image.png; name = ebony_keydown.png; path = ../Assets/Images/ebony_keydown.png; sourceTree = "<group>"; };
		C989F2CD19AF1D63002608F7 /* ebony_keyup.png */ = {isa = PBXFileReference; lastKnownFileType = image.png; name = ebony_keyup.png; path = ../Assets/Images/ebony_keyup.png; sourceTree = "<group>"; };
		C989F2CE19AF1D63002608F7 /* ivory_keydown.png */ = {isa = PBXFileReference; lastKnownFileType = image.png; name = ivory_keydown.png; path = ../Assets/Images/ivory_keydown.png; sourceTree = "<group>"; };
		C989F2CF19AF1D63002608F7 /* ivory_keyup.png */ = {isa = PBXFileReference; lastKnownFileType = image.png; name = ivory_keyup.png; path = ../Assets/Images/ivory_keyup.png; sourceTree = "<group>"; };
		C989F2D019AF1D63002608F7 /* keyboard_map.jpeg */ = {isa = PBXFileReference; lastKnownFileType = image.jpeg; name = keyboard_map.jpeg; path = ../Assets/Images/keyboard_map.jpeg; sourceTree = "<group>"; };
		C989F2D119AF1D63002608F7 /* music-crotchet.png */ = {isa = PBXFileReference; lastKnownFileType = image.png; name = "music-crotchet.png"; path = "../Assets/Images/music-crotchet.png"; sourceTree = "<group>"; };
		C989F2D219AF1D63002608F7 /* music-dot.png */ = {isa = PBXFileReference; lastKnownFileType = image.png; name = "music-dot.png"; path = "../Assets/Images/music-dot.png"; sourceTree = "<group>"; };
		C989F2D319AF1D63002608F7 /* music-double-flat.png */ = {isa = PBXFileReference; lastKnownFileType = image.png; name = "music-double-flat.png"; path = "../Assets/Images/music-double-flat.png"; sourceTree = "<group>"; };
		C989F2D419AF1D63002608F7 /* music-double-sharp.png */ = {isa = PBXFileReference; lastKnownFileType = image.png; name = "music-double-sharp.png"; path = "../Assets/Images/music-double-sharp.png"; sourceTree = "<group>"; };
		C989F2D519AF1D63002608F7 /* music-dsquaver.png */ = {isa = PBXFileReference; lastKnownFileType = image.png; name = "music-dsquaver.png"; path = "../Assets/Images/music-dsquaver.png"; sourceTree = "<group>"; };
		C989F2D619AF1D63002608F7 /* music-flat.png */ = {isa = PBXFileReference; lastKnownFileType = image.png; name = "music-flat.png"; path = "../Assets/Images/music-flat.png"; sourceTree = "<group>"; };
		C989F2D719AF1D63002608F7 /* music-minim.png */ = {isa = PBXFileReference; lastKnownFileType = image.png; name = "music-minim.png"; path = "../Assets/Images/music-minim.png"; sourceTree = "<group>"; };
		C989F2D819AF1D63002608F7 /* music-natural.png */ = {isa = PBXFileReference; lastKnownFileType = image.png; name = "music-natural.png"; path = "../Assets/Images/music-natural.png"; sourceTree = "<group>"; };
		C989F2D919AF1D63002608F7 /* music-quaver.png */ = {isa = PBXFileReference; lastKnownFileType = image.png; name = "music-quaver.png"; path = "../Assets/Images/music-quaver.png"; sourceTree = "<group>"; };
		C989F2DA19AF1D63002608F7 /* music-sharp.png */ = {isa = PBXFileReference; lastKnownFileType = image.png; name = "music-sharp.png"; path = "../Assets/Images/music-sharp.png"; sourceTree = "<group>"; };
		C989F2DB19AF1D63002608F7 /* music-squaver.png */ = {isa = PBXFileReference; lastKnownFileType = image.png; name = "music-squaver.png"; path = "../Assets/Images/music-squaver.png"; sourceTree = "<group>"; };
		C989F2DC19AF1D63002608F7 /* music-tie.png */ = {isa = PBXFileReference; lastKnownFileType = image.png; name = "music-tie.png"; path = "../Assets/Images/music-tie.png"; sourceTree = "<group>"; };
		C989F2DD19AF1D63002608F7 /* music-wt.png */ = {isa = PBXFileReference; lastKnownFileType = image.png; name = "music-wt.png"; path = "../Assets/Images/music-wt.png"; sourceTree = "<group>"; };
		C989F2DE19AF1D63002608F7 /* musis-rests.png */ = {isa = PBXFileReference; lastKnownFileType = image.png; name = "musis-rests.png"; path = "../Assets/Images/musis-rests.png"; sourceTree = "<group>"; };
		C989F2DF19AF1D63002608F7 /* piano_icon.png */ = {isa = PBXFileReference; lastKnownFileType = image.png; name = piano_icon.png; path = ../Assets/Images/piano_icon.png; sourceTree = "<group>"; };
		C989F2E019AF1D63002608F7 /* qwerty.png */ = {isa = PBXFileReference; lastKnownFileType = image.png; name = qwerty.png; path = ../Assets/Images/qwerty.png; sourceTree = "<group>"; };
		C989F3A819AF59B6002608F7 /* piano_keyboard.png */ = {isa = PBXFileReference; lastKnownFileType = image.png; name = piano_keyboard.png; path = ../Assets/Images/piano_keyboard.png; sourceTree = "<group>"; };
		C989F51D19AF848B002608F7 /* KZPMusicKeyboard.h */ = {isa = PBXFileReference; fileEncoding = 4; lastKnownFileType = sourcecode.c.h; name = KZPMusicKeyboard.h; path = ../Source/KZPMusicKeyboard.h; sourceTree = "<group>"; };
		C9A2FD081A5D68D800B92463 /* OpenALSupport.c */ = {isa = PBXFileReference; fileEncoding = 4; lastKnownFileType = sourcecode.c.c; path = OpenALSupport.c; sourceTree = "<group>"; };
		C9A2FD091A5D68D800B92463 /* OpenALSupport.h */ = {isa = PBXFileReference; fileEncoding = 4; lastKnownFileType = sourcecode.c.h; path = OpenALSupport.h; sourceTree = "<group>"; };
		C9A2FD0A1A5D68D800B92463 /* SoundBankPlayer.h */ = {isa = PBXFileReference; fileEncoding = 4; lastKnownFileType = sourcecode.c.h; path = SoundBankPlayer.h; sourceTree = "<group>"; };
		C9A2FD0B1A5D68D800B92463 /* SoundBankPlayer.m */ = {isa = PBXFileReference; fileEncoding = 4; lastKnownFileType = sourcecode.c.objc; path = SoundBankPlayer.m; sourceTree = "<group>"; };
		C9A2FD121A5D68E800B92463 /* P200 Piano A#2.caf */ = {isa = PBXFileReference; lastKnownFileType = file; path = "P200 Piano A#2.caf"; sourceTree = "<group>"; };
		C9A2FD131A5D68E800B92463 /* P200 Piano A#3.caf */ = {isa = PBXFileReference; lastKnownFileType = file; path = "P200 Piano A#3.caf"; sourceTree = "<group>"; };
		C9A2FD141A5D68E800B92463 /* P200 Piano A#4.caf */ = {isa = PBXFileReference; lastKnownFileType = file; path = "P200 Piano A#4.caf"; sourceTree = "<group>"; };
		C9A2FD151A5D68E800B92463 /* P200 Piano A#5.caf */ = {isa = PBXFileReference; lastKnownFileType = file; path = "P200 Piano A#5.caf"; sourceTree = "<group>"; };
		C9A2FD161A5D68E800B92463 /* P200 Piano A#7.caf */ = {isa = PBXFileReference; lastKnownFileType = file; path = "P200 Piano A#7.caf"; sourceTree = "<group>"; };
		C9A2FD171A5D68E800B92463 /* P200 Piano C10.caf */ = {isa = PBXFileReference; lastKnownFileType = file; path = "P200 Piano C10.caf"; sourceTree = "<group>"; };
		C9A2FD181A5D68E800B92463 /* P200 Piano C7.caf */ = {isa = PBXFileReference; lastKnownFileType = file; path = "P200 Piano C7.caf"; sourceTree = "<group>"; };
		C9A2FD191A5D68E800B92463 /* P200 Piano D#8.caf */ = {isa = PBXFileReference; lastKnownFileType = file; path = "P200 Piano D#8.caf"; sourceTree = "<group>"; };
		C9A2FD1A1A5D68E800B92463 /* P200 Piano D2.caf */ = {isa = PBXFileReference; lastKnownFileType = file; path = "P200 Piano D2.caf"; sourceTree = "<group>"; };
		C9A2FD1B1A5D68E800B92463 /* P200 Piano D3.caf */ = {isa = PBXFileReference; lastKnownFileType = file; path = "P200 Piano D3.caf"; sourceTree = "<group>"; };
		C9A2FD1C1A5D68E800B92463 /* P200 Piano D4.caf */ = {isa = PBXFileReference; lastKnownFileType = file; path = "P200 Piano D4.caf"; sourceTree = "<group>"; };
		C9A2FD1D1A5D68E800B92463 /* P200 Piano D5.caf */ = {isa = PBXFileReference; lastKnownFileType = file; path = "P200 Piano D5.caf"; sourceTree = "<group>"; };
		C9A2FD1E1A5D68E800B92463 /* P200 Piano D6.caf */ = {isa = PBXFileReference; lastKnownFileType = file; path = "P200 Piano D6.caf"; sourceTree = "<group>"; };
		C9A2FD1F1A5D68E800B92463 /* P200 Piano F#2.caf */ = {isa = PBXFileReference; lastKnownFileType = file; path = "P200 Piano F#2.caf"; sourceTree = "<group>"; };
		C9A2FD201A5D68E800B92463 /* P200 Piano F#3.caf */ = {isa = PBXFileReference; lastKnownFileType = file; path = "P200 Piano F#3.caf"; sourceTree = "<group>"; };
		C9A2FD211A5D68E800B92463 /* P200 Piano F#4.caf */ = {isa = PBXFileReference; lastKnownFileType = file; path = "P200 Piano F#4.caf"; sourceTree = "<group>"; };
		C9A2FD221A5D68E800B92463 /* P200 Piano F#5.caf */ = {isa = PBXFileReference; lastKnownFileType = file; path = "P200 Piano F#5.caf"; sourceTree = "<group>"; };
		C9A2FD231A5D68E800B92463 /* P200 Piano F#6.caf */ = {isa = PBXFileReference; lastKnownFileType = file; path = "P200 Piano F#6.caf"; sourceTree = "<group>"; };
		C9A2FD241A5D68E800B92463 /* P200 Piano F#7.caf */ = {isa = PBXFileReference; lastKnownFileType = file; path = "P200 Piano F#7.caf"; sourceTree = "<group>"; };
		C9A2FD251A5D68E800B92463 /* P200 Piano G#9.caf */ = {isa = PBXFileReference; lastKnownFileType = file; path = "P200 Piano G#9.caf"; sourceTree = "<group>"; };
		C9A2FD261A5D68E800B92463 /* Piano.plist */ = {isa = PBXFileReference; fileEncoding = 4; lastKnownFileType = text.plist.xml; path = Piano.plist; sourceTree = "<group>"; };
		C9A2FDE21A5D704900B92463 /* Rhodes.plist */ = {isa = PBXFileReference; fileEncoding = 4; lastKnownFileType = text.plist.xml; name = Rhodes.plist; path = Rhodes/Rhodes.plist; sourceTree = "<group>"; };
		C9A2FE1C1A5E202D00B92463 /* Rhodes C2.caf */ = {isa = PBXFileReference; lastKnownFileType = file; name = "Rhodes C2.caf"; path = "Rhodes/Rhodes C2.caf"; sourceTree = "<group>"; };
		C9A2FE1D1A5E202D00B92463 /* Rhodes C3.caf */ = {isa = PBXFileReference; lastKnownFileType = file; name = "Rhodes C3.caf"; path = "Rhodes/Rhodes C3.caf"; sourceTree = "<group>"; };
		C9A2FE1E1A5E202D00B92463 /* Rhodes C4.caf */ = {isa = PBXFileReference; lastKnownFileType = file; name = "Rhodes C4.caf"; path = "Rhodes/Rhodes C4.caf"; sourceTree = "<group>"; };
		C9A2FE1F1A5E202D00B92463 /* Rhodes C5.caf */ = {isa = PBXFileReference; lastKnownFileType = file; name = "Rhodes C5.caf"; path = "Rhodes/Rhodes C5.caf"; sourceTree = "<group>"; };
		C9A2FE201A5E202D00B92463 /* Rhodes C6.caf */ = {isa = PBXFileReference; lastKnownFileType = file; name = "Rhodes C6.caf"; path = "Rhodes/Rhodes C6.caf"; sourceTree = "<group>"; };
		C9A2FE211A5E202D00B92463 /* Rhodes C7.caf */ = {isa = PBXFileReference; lastKnownFileType = file; name = "Rhodes C7.caf"; path = "Rhodes/Rhodes C7.caf"; sourceTree = "<group>"; };
		C9A2FE221A5E202D00B92463 /* Rhodes C8.caf */ = {isa = PBXFileReference; lastKnownFileType = file; name = "Rhodes C8.caf"; path = "Rhodes/Rhodes C8.caf"; sourceTree = "<group>"; };
		C9A2FE231A5E202D00B92463 /* Rhodes E3.caf */ = {isa = PBXFileReference; lastKnownFileType = file; name = "Rhodes E3.caf"; path = "Rhodes/Rhodes E3.caf"; sourceTree = "<group>"; };
		C9A2FE241A5E202D00B92463 /* Rhodes G2.caf */ = {isa = PBXFileReference; lastKnownFileType = file; name = "Rhodes G2.caf"; path = "Rhodes/Rhodes G2.caf"; sourceTree = "<group>"; };
		C9A2FE251A5E202D00B92463 /* Rhodes G4.caf */ = {isa = PBXFileReference; lastKnownFileType = file; name = "Rhodes G4.caf"; path = "Rhodes/Rhodes G4.caf"; sourceTree = "<group>"; };
		C9A2FE261A5E202D00B92463 /* Rhodes G5.caf */ = {isa = PBXFileReference; lastKnownFileType = file; name = "Rhodes G5.caf"; path = "Rhodes/Rhodes G5.caf"; sourceTree = "<group>"; };
		C9A2FE271A5E202D00B92463 /* Rhodes G6.caf */ = {isa = PBXFileReference; lastKnownFileType = file; name = "Rhodes G6.caf"; path = "Rhodes/Rhodes G6.caf"; sourceTree = "<group>"; };
		C9A2FE281A5E202D00B92463 /* Rhodes G7.caf */ = {isa = PBXFileReference; lastKnownFileType = file; name = "Rhodes G7.caf"; path = "Rhodes/Rhodes G7.caf"; sourceTree = "<group>"; };
		C9AECF8B1A44E5610050733C /* music-double-flat-inverted.png */ = {isa = PBXFileReference; lastKnownFileType = image.png; name = "music-double-flat-inverted.png"; path = "../Assets/Images/music-double-flat-inverted.png"; sourceTree = "<group>"; };
		C9AECF8D1A44E7020050733C /* music-double-sharp-inverted.png */ = {isa = PBXFileReference; lastKnownFileType = image.png; name = "music-double-sharp-inverted.png"; path = "../Assets/Images/music-double-sharp-inverted.png"; sourceTree = "<group>"; };
		C9AECF8E1A44E7020050733C /* music-flat-inverted.png */ = {isa = PBXFileReference; lastKnownFileType = image.png; name = "music-flat-inverted.png"; path = "../Assets/Images/music-flat-inverted.png"; sourceTree = "<group>"; };
		C9AECF8F1A44E7020050733C /* music-natural-inverted.png */ = {isa = PBXFileReference; lastKnownFileType = image.png; name = "music-natural-inverted.png"; path = "../Assets/Images/music-natural-inverted.png"; sourceTree = "<group>"; };
		C9AECF901A44E7020050733C /* music-sharp-inverted.png */ = {isa = PBXFileReference; lastKnownFileType = image.png; name = "music-sharp-inverted.png"; path = "../Assets/Images/music-sharp-inverted.png"; sourceTree = "<group>"; };
		C9AECFD31A451AFE0050733C /* NSArray+functions.h */ = {isa = PBXFileReference; fileEncoding = 4; lastKnownFileType = sourcecode.c.h; path = "NSArray+functions.h"; sourceTree = "<group>"; };
		C9AECFD41A451AFE0050733C /* NSArray+functions.m */ = {isa = PBXFileReference; fileEncoding = 4; lastKnownFileType = sourcecode.c.objc; path = "NSArray+functions.m"; sourceTree = "<group>"; };
		C9AECFD51A451AFE0050733C /* NSSet+SetOperations.h */ = {isa = PBXFileReference; fileEncoding = 4; lastKnownFileType = sourcecode.c.h; path = "NSSet+SetOperations.h"; sourceTree = "<group>"; };
		C9AECFD61A451AFE0050733C /* NSSet+SetOperations.m */ = {isa = PBXFileReference; fileEncoding = 4; lastKnownFileType = sourcecode.c.objc; path = "NSSet+SetOperations.m"; sourceTree = "<group>"; };
		C9AECFD71A451AFE0050733C /* NSString+functions.h */ = {isa = PBXFileReference; fileEncoding = 4; lastKnownFileType = sourcecode.c.h; path = "NSString+functions.h"; sourceTree = "<group>"; };
		C9AECFD81A451AFE0050733C /* NSString+functions.m */ = {isa = PBXFileReference; fileEncoding = 4; lastKnownFileType = sourcecode.c.objc; path = "NSString+functions.m"; sourceTree = "<group>"; };
		C9AECFD91A451AFE0050733C /* SciNotation.h */ = {isa = PBXFileReference; fileEncoding = 4; lastKnownFileType = sourcecode.c.h; path = SciNotation.h; sourceTree = "<group>"; };
		C9AECFDA1A451AFE0050733C /* SciNotation.m */ = {isa = PBXFileReference; fileEncoding = 4; lastKnownFileType = sourcecode.c.objc; path = SciNotation.m; sourceTree = "<group>"; };
		C9AECFDB1A451AFE0050733C /* Utilities.h */ = {isa = PBXFileReference; fileEncoding = 4; lastKnownFileType = sourcecode.c.h; path = Utilities.h; sourceTree = "<group>"; };
		C9AECFDC1A451AFE0050733C /* Utilities.m */ = {isa = PBXFileReference; fileEncoding = 4; lastKnownFileType = sourcecode.c.objc; path = Utilities.m; sourceTree = "<group>"; };
		C9AED3B21A5A9D8D0050733C /* music-accidentals.png */ = {isa = PBXFileReference; lastKnownFileType = image.png; name = "music-accidentals.png"; path = "../Assets/Images/music-accidentals.png"; sourceTree = "<group>"; };
/* End PBXFileReference section */

/* Begin PBXFrameworksBuildPhase section */
		C989F1BA19AF07AB002608F7 /* Frameworks */ = {
			isa = PBXFrameworksBuildPhase;
			buildActionMask = 2147483647;
			files = (
				C989F2C319AF0E5E002608F7 /* SenTestingKit.framework in Frameworks */,
				C989F1C319AF07AC002608F7 /* CoreGraphics.framework in Frameworks */,
				C989F1C519AF07AC002608F7 /* UIKit.framework in Frameworks */,
				C989F1C119AF07AB002608F7 /* Foundation.framework in Frameworks */,
			);
			runOnlyForDeploymentPostprocessing = 0;
		};
		C989F1DB19AF07AC002608F7 /* Frameworks */ = {
			isa = PBXFrameworksBuildPhase;
			buildActionMask = 2147483647;
			files = (
				C989F1E019AF07AC002608F7 /* XCTest.framework in Frameworks */,
				C989F1E219AF07AC002608F7 /* UIKit.framework in Frameworks */,
				C989F1E119AF07AC002608F7 /* Foundation.framework in Frameworks */,
			);
			runOnlyForDeploymentPostprocessing = 0;
		};
/* End PBXFrameworksBuildPhase section */

/* Begin PBXGroup section */
		C989F1B419AF07AB002608F7 = {
			isa = PBXGroup;
			children = (
				C9AECFD21A451AFE0050733C /* KZPUtilities */,
				C989F1F519AF099F002608F7 /* KZPMusicKeyboard */,
				C989F1C619AF07AC002608F7 /* KZPMusicKeyboardDemo */,
				C989F1E519AF07AC002608F7 /* KZPMusicKeyboardTests */,
				C989F1BF19AF07AB002608F7 /* Frameworks */,
				C989F1BE19AF07AB002608F7 /* Products */,
			);
			sourceTree = "<group>";
		};
		C989F1BE19AF07AB002608F7 /* Products */ = {
			isa = PBXGroup;
			children = (
				C989F1BD19AF07AB002608F7 /* KZPMusicKeyboard.app */,
				C989F1DE19AF07AC002608F7 /* KZPMusicKeyboardTests.xctest */,
			);
			name = Products;
			sourceTree = "<group>";
		};
		C989F1BF19AF07AB002608F7 /* Frameworks */ = {
			isa = PBXGroup;
			children = (
				C989F2C219AF0E5E002608F7 /* SenTestingKit.framework */,
				C989F1C019AF07AB002608F7 /* Foundation.framework */,
				C989F1C219AF07AC002608F7 /* CoreGraphics.framework */,
				C989F1C419AF07AC002608F7 /* UIKit.framework */,
				C989F1DF19AF07AC002608F7 /* XCTest.framework */,
			);
			name = Frameworks;
			sourceTree = "<group>";
		};
		C989F1C619AF07AC002608F7 /* KZPMusicKeyboardDemo */ = {
			isa = PBXGroup;
			children = (
				C989F1CF19AF07AC002608F7 /* AppDelegate.h */,
				C989F1D019AF07AC002608F7 /* AppDelegate.m */,
				C989F1D219AF07AC002608F7 /* Main.storyboard */,
				C989F1D519AF07AC002608F7 /* ViewController.h */,
				C989F1D619AF07AC002608F7 /* ViewController.m */,
				C989F1D819AF07AC002608F7 /* Images.xcassets */,
				C989F1C719AF07AC002608F7 /* Supporting Files */,
			);
			name = KZPMusicKeyboardDemo;
			path = KZPMusicKeyboard;
			sourceTree = "<group>";
		};
		C989F1C719AF07AC002608F7 /* Supporting Files */ = {
			isa = PBXGroup;
			children = (
				C989F1C819AF07AC002608F7 /* KZPMusicKeyboard-Info.plist */,
				C989F1C919AF07AC002608F7 /* InfoPlist.strings */,
				C989F1CC19AF07AC002608F7 /* main.m */,
				C989F1CE19AF07AC002608F7 /* KZPMusicKeyboard-Prefix.pch */,
			);
			name = "Supporting Files";
			sourceTree = "<group>";
		};
		C989F1E519AF07AC002608F7 /* KZPMusicKeyboardTests */ = {
			isa = PBXGroup;
			children = (
				C989F1EB19AF07AC002608F7 /* KZPMusicKeyboardTests.m */,
				C989F1E619AF07AC002608F7 /* Supporting Files */,
			);
			path = KZPMusicKeyboardTests;
			sourceTree = "<group>";
		};
		C989F1E619AF07AC002608F7 /* Supporting Files */ = {
			isa = PBXGroup;
			children = (
				C989F1E719AF07AC002608F7 /* KZPMusicKeyboardTests-Info.plist */,
				C989F1E819AF07AC002608F7 /* InfoPlist.strings */,
			);
			name = "Supporting Files";
			sourceTree = "<group>";
		};
		C989F1F519AF099F002608F7 /* KZPMusicKeyboard */ = {
			isa = PBXGroup;
			children = (
				C9A2FD071A5D68D800B92463 /* SoundBank */,
				C989F2B519AF0C01002608F7 /* AGWindowView */,
				C989F1F619AF0A6B002608F7 /* Assets */,
				C989F51D19AF848B002608F7 /* KZPMusicKeyboard.h */,
				C989F2A719AF0A8E002608F7 /* KZPMusicKeyboardView.xib */,
				C989F2A819AF0A8E002608F7 /* KZPMusicKeyboardViewController.h */,
				C989F2A919AF0A8E002608F7 /* KZPMusicKeyboardViewController.m */,
				C989F2AC19AF0A8E002608F7 /* KZPMusicKeyboardManager.h */,
				C989F2AD19AF0A8E002608F7 /* KZPMusicKeyboardManager.m */,
				C989F2AE19AF0A8E002608F7 /* KZPMusicTextField.h */,
				C989F2AF19AF0A8E002608F7 /* KZPMusicTextField.m */,
				C989F2BC19AF0C2F002608F7 /* UIView+frameOperations.h */,
				C989F2BD19AF0C2F002608F7 /* UIView+frameOperations.m */,
			);
			name = KZPMusicKeyboard;
			sourceTree = "<group>";
		};
		C989F1F619AF0A6B002608F7 /* Assets */ = {
			isa = PBXGroup;
			children = (
				C989F2C919AF1CC7002608F7 /* Images */,
				C989F2C819AF1CA9002608F7 /* Audio */,
			);
			name = Assets;
			sourceTree = "<group>";
		};
		C989F2B519AF0C01002608F7 /* AGWindowView */ = {
			isa = PBXGroup;
			children = (
				C989F2B619AF0C01002608F7 /* AGWindowView.h */,
				C989F2B719AF0C01002608F7 /* AGWindowView.m */,
				C989F2B819AF0C01002608F7 /* AGWindowViewDefines.h */,
				C989F2B919AF0C01002608F7 /* AGWindowViewTest.m */,
			);
			name = AGWindowView;
			path = ../Libraries/AGWindowView;
			sourceTree = "<group>";
		};
		C989F2C819AF1CA9002608F7 /* Audio */ = {
			isa = PBXGroup;
			children = (
				C9A2FD101A5D68E800B92463 /* Instruments */,
			);
			name = Audio;
			sourceTree = "<group>";
		};
		C989F2C919AF1CC7002608F7 /* Images */ = {
			isa = PBXGroup;
			children = (
				C9AED3B21A5A9D8D0050733C /* music-accidentals.png */,
				C9AECF8D1A44E7020050733C /* music-double-sharp-inverted.png */,
				C9AECF8E1A44E7020050733C /* music-flat-inverted.png */,
				C9AECF8F1A44E7020050733C /* music-natural-inverted.png */,
				C9AECF901A44E7020050733C /* music-sharp-inverted.png */,
				C9AECF8B1A44E5610050733C /* music-double-flat-inverted.png */,
				C989F3A819AF59B6002608F7 /* piano_keyboard.png */,
				C989F2CA19AF1D63002608F7 /* backspace.png */,
				C989F2CB19AF1D63002608F7 /* bg-wood.jpg */,
				C989F2CC19AF1D63002608F7 /* ebony_keydown.png */,
				C989F2CD19AF1D63002608F7 /* ebony_keyup.png */,
				C989F2CE19AF1D63002608F7 /* ivory_keydown.png */,
				C989F2CF19AF1D63002608F7 /* ivory_keyup.png */,
				C989F2D019AF1D63002608F7 /* keyboard_map.jpeg */,
				C989F2D119AF1D63002608F7 /* music-crotchet.png */,
				C989F2D219AF1D63002608F7 /* music-dot.png */,
				C989F2D319AF1D63002608F7 /* music-double-flat.png */,
				C989F2D419AF1D63002608F7 /* music-double-sharp.png */,
				C989F2D519AF1D63002608F7 /* music-dsquaver.png */,
				C989F2D619AF1D63002608F7 /* music-flat.png */,
				C989F2D719AF1D63002608F7 /* music-minim.png */,
				C989F2D819AF1D63002608F7 /* music-natural.png */,
				C989F2D919AF1D63002608F7 /* music-quaver.png */,
				C989F2DA19AF1D63002608F7 /* music-sharp.png */,
				C989F2DB19AF1D63002608F7 /* music-squaver.png */,
				C989F2DC19AF1D63002608F7 /* music-tie.png */,
				C989F2DD19AF1D63002608F7 /* music-wt.png */,
				C989F2DE19AF1D63002608F7 /* musis-rests.png */,
				C989F2DF19AF1D63002608F7 /* piano_icon.png */,
				C989F2E019AF1D63002608F7 /* qwerty.png */,
			);
			name = Images;
			sourceTree = "<group>";
		};
		C9A2FD071A5D68D800B92463 /* SoundBank */ = {
			isa = PBXGroup;
			children = (
				C9A2FD081A5D68D800B92463 /* OpenALSupport.c */,
				C9A2FD091A5D68D800B92463 /* OpenALSupport.h */,
				C9A2FD0A1A5D68D800B92463 /* SoundBankPlayer.h */,
				C9A2FD0B1A5D68D800B92463 /* SoundBankPlayer.m */,
			);
			name = SoundBank;
			path = ../Libraries/SoundBank;
			sourceTree = "<group>";
		};
		C9A2FD101A5D68E800B92463 /* Instruments */ = {
			isa = PBXGroup;
			children = (
				C9A2FDE11A5D6FD900B92463 /* Rhodes */,
				C9A2FD111A5D68E800B92463 /* P200 Piano */,
			);
			name = Instruments;
			path = ../Assets/Audio/Instruments;
			sourceTree = "<group>";
		};
		C9A2FD111A5D68E800B92463 /* P200 Piano */ = {
			isa = PBXGroup;
			children = (
				C9A2FD121A5D68E800B92463 /* P200 Piano A#2.caf */,
				C9A2FD131A5D68E800B92463 /* P200 Piano A#3.caf */,
				C9A2FD141A5D68E800B92463 /* P200 Piano A#4.caf */,
				C9A2FD151A5D68E800B92463 /* P200 Piano A#5.caf */,
				C9A2FD161A5D68E800B92463 /* P200 Piano A#7.caf */,
				C9A2FD171A5D68E800B92463 /* P200 Piano C10.caf */,
				C9A2FD181A5D68E800B92463 /* P200 Piano C7.caf */,
				C9A2FD191A5D68E800B92463 /* P200 Piano D#8.caf */,
				C9A2FD1A1A5D68E800B92463 /* P200 Piano D2.caf */,
				C9A2FD1B1A5D68E800B92463 /* P200 Piano D3.caf */,
				C9A2FD1C1A5D68E800B92463 /* P200 Piano D4.caf */,
				C9A2FD1D1A5D68E800B92463 /* P200 Piano D5.caf */,
				C9A2FD1E1A5D68E800B92463 /* P200 Piano D6.caf */,
				C9A2FD1F1A5D68E800B92463 /* P200 Piano F#2.caf */,
				C9A2FD201A5D68E800B92463 /* P200 Piano F#3.caf */,
				C9A2FD211A5D68E800B92463 /* P200 Piano F#4.caf */,
				C9A2FD221A5D68E800B92463 /* P200 Piano F#5.caf */,
				C9A2FD231A5D68E800B92463 /* P200 Piano F#6.caf */,
				C9A2FD241A5D68E800B92463 /* P200 Piano F#7.caf */,
				C9A2FD251A5D68E800B92463 /* P200 Piano G#9.caf */,
				C9A2FD261A5D68E800B92463 /* Piano.plist */,
			);
			path = "P200 Piano";
			sourceTree = "<group>";
		};
		C9A2FDE11A5D6FD900B92463 /* Rhodes */ = {
			isa = PBXGroup;
			children = (
				C9A2FE1C1A5E202D00B92463 /* Rhodes C2.caf */,
				C9A2FE1D1A5E202D00B92463 /* Rhodes C3.caf */,
				C9A2FE1E1A5E202D00B92463 /* Rhodes C4.caf */,
				C9A2FE1F1A5E202D00B92463 /* Rhodes C5.caf */,
				C9A2FE201A5E202D00B92463 /* Rhodes C6.caf */,
				C9A2FE211A5E202D00B92463 /* Rhodes C7.caf */,
				C9A2FE221A5E202D00B92463 /* Rhodes C8.caf */,
				C9A2FE231A5E202D00B92463 /* Rhodes E3.caf */,
				C9A2FE241A5E202D00B92463 /* Rhodes G2.caf */,
				C9A2FE251A5E202D00B92463 /* Rhodes G4.caf */,
				C9A2FE261A5E202D00B92463 /* Rhodes G5.caf */,
				C9A2FE271A5E202D00B92463 /* Rhodes G6.caf */,
				C9A2FE281A5E202D00B92463 /* Rhodes G7.caf */,
				C9A2FDE21A5D704900B92463 /* Rhodes.plist */,
			);
			name = Rhodes;
			sourceTree = "<group>";
		};
		C9AECFD21A451AFE0050733C /* KZPUtilities */ = {
			isa = PBXGroup;
			children = (
				C9AECFD31A451AFE0050733C /* NSArray+functions.h */,
				C9AECFD41A451AFE0050733C /* NSArray+functions.m */,
				C9AECFD51A451AFE0050733C /* NSSet+SetOperations.h */,
				C9AECFD61A451AFE0050733C /* NSSet+SetOperations.m */,
				C9AECFD71A451AFE0050733C /* NSString+functions.h */,
				C9AECFD81A451AFE0050733C /* NSString+functions.m */,
				C9AECFD91A451AFE0050733C /* SciNotation.h */,
				C9AECFDA1A451AFE0050733C /* SciNotation.m */,
				C9AECFDB1A451AFE0050733C /* Utilities.h */,
				C9AECFDC1A451AFE0050733C /* Utilities.m */,
			);
			name = KZPUtilities;
			path = ../../KZPUtilities;
			sourceTree = "<group>";
		};
/* End PBXGroup section */

/* Begin PBXHeadersBuildPhase section */
		C989F51E19AF8532002608F7 /* Headers */ = {
			isa = PBXHeadersBuildPhase;
			buildActionMask = 2147483647;
			files = (
				C9AECFDF1A451AFE0050733C /* NSSet+SetOperations.h in Headers */,
				C9A2FD0E1A5D68D800B92463 /* SoundBankPlayer.h in Headers */,
				C989F51F19AF853E002608F7 /* KZPMusicKeyboard.h in Headers */,
				C9AECFE31A451AFE0050733C /* SciNotation.h in Headers */,
				C9AECFE51A451AFE0050733C /* Utilities.h in Headers */,
				C9AECFE11A451AFE0050733C /* NSString+functions.h in Headers */,
				C9AECFDD1A451AFE0050733C /* NSArray+functions.h in Headers */,
				C9A2FD0D1A5D68D800B92463 /* OpenALSupport.h in Headers */,
			);
			runOnlyForDeploymentPostprocessing = 0;
		};
/* End PBXHeadersBuildPhase section */

/* Begin PBXNativeTarget section */
		C989F1BC19AF07AB002608F7 /* KZPMusicKeyboard */ = {
			isa = PBXNativeTarget;
			buildConfigurationList = C989F1EF19AF07AC002608F7 /* Build configuration list for PBXNativeTarget "KZPMusicKeyboard" */;
			buildPhases = (
				C989F1B919AF07AB002608F7 /* Sources */,
				C989F1BA19AF07AB002608F7 /* Frameworks */,
				C989F1BB19AF07AB002608F7 /* Resources */,
				C989F51E19AF8532002608F7 /* Headers */,
			);
			buildRules = (
			);
			dependencies = (
			);
			name = KZPMusicKeyboard;
			productName = KZPMusicKeyboard;
			productReference = C989F1BD19AF07AB002608F7 /* KZPMusicKeyboard.app */;
			productType = "com.apple.product-type.application";
		};
		C989F1DD19AF07AC002608F7 /* KZPMusicKeyboardTests */ = {
			isa = PBXNativeTarget;
			buildConfigurationList = C989F1F219AF07AC002608F7 /* Build configuration list for PBXNativeTarget "KZPMusicKeyboardTests" */;
			buildPhases = (
				C989F1DA19AF07AC002608F7 /* Sources */,
				C989F1DB19AF07AC002608F7 /* Frameworks */,
				C989F1DC19AF07AC002608F7 /* Resources */,
			);
			buildRules = (
			);
			dependencies = (
				C989F1E419AF07AC002608F7 /* PBXTargetDependency */,
			);
			name = KZPMusicKeyboardTests;
			productName = KZPMusicKeyboardTests;
			productReference = C989F1DE19AF07AC002608F7 /* KZPMusicKeyboardTests.xctest */;
			productType = "com.apple.product-type.bundle.unit-test";
		};
/* End PBXNativeTarget section */

/* Begin PBXProject section */
		C989F1B519AF07AB002608F7 /* Project object */ = {
			isa = PBXProject;
			attributes = {
				LastUpgradeCheck = 0510;
				ORGANIZATIONNAME = Sudoseng;
				TargetAttributes = {
					C989F1DD19AF07AC002608F7 = {
						TestTargetID = C989F1BC19AF07AB002608F7;
					};
				};
			};
			buildConfigurationList = C989F1B819AF07AB002608F7 /* Build configuration list for PBXProject "KZPMusicKeyboard" */;
			compatibilityVersion = "Xcode 3.2";
			developmentRegion = English;
			hasScannedForEncodings = 0;
			knownRegions = (
				en,
				Base,
			);
			mainGroup = C989F1B419AF07AB002608F7;
			productRefGroup = C989F1BE19AF07AB002608F7 /* Products */;
			projectDirPath = "";
			projectRoot = "";
			targets = (
				C989F1BC19AF07AB002608F7 /* KZPMusicKeyboard */,
				C989F1DD19AF07AC002608F7 /* KZPMusicKeyboardTests */,
			);
		};
/* End PBXProject section */

/* Begin PBXResourcesBuildPhase section */
		C989F1BB19AF07AB002608F7 /* Resources */ = {
			isa = PBXResourcesBuildPhase;
			buildActionMask = 2147483647;
			files = (
				C9A2FE2D1A5E202D00B92463 /* Rhodes C6.caf in Resources */,
				C9A2FD7E1A5D68E800B92463 /* P200 Piano A#7.caf in Resources */,
				C9A2FD851A5D68E800B92463 /* P200 Piano D5.caf in Resources */,
				C9AECF911A44E7020050733C /* music-double-sharp-inverted.png in Resources */,
				C9AED3B31A5A9D8D0050733C /* music-accidentals.png in Resources */,
				C989F2E719AF1D63002608F7 /* keyboard_map.jpeg in Resources */,
				C9AECF931A44E7020050733C /* music-natural-inverted.png in Resources */,
				C989F2F019AF1D63002608F7 /* music-quaver.png in Resources */,
				C9A2FD881A5D68E800B92463 /* P200 Piano F#3.caf in Resources */,
				C989F2E519AF1D63002608F7 /* ivory_keydown.png in Resources */,
				C9AECF941A44E7020050733C /* music-sharp-inverted.png in Resources */,
				C989F1D919AF07AC002608F7 /* Images.xcassets in Resources */,
				C9A2FD8A1A5D68E800B92463 /* P200 Piano F#5.caf in Resources */,
				C9A2FD7F1A5D68E800B92463 /* P200 Piano C10.caf in Resources */,
				C989F2F719AF1D63002608F7 /* qwerty.png in Resources */,
				C9A2FD891A5D68E800B92463 /* P200 Piano F#4.caf in Resources */,
				C9A2FE291A5E202D00B92463 /* Rhodes C2.caf in Resources */,
				C989F2E819AF1D63002608F7 /* music-crotchet.png in Resources */,
				C989F1CB19AF07AC002608F7 /* InfoPlist.strings in Resources */,
				C989F2E319AF1D63002608F7 /* ebony_keydown.png in Resources */,
				C9A2FD8E1A5D68E800B92463 /* Piano.plist in Resources */,
				C9A2FDE31A5D704900B92463 /* Rhodes.plist in Resources */,
				C989F2F119AF1D63002608F7 /* music-sharp.png in Resources */,
				C989F2F519AF1D63002608F7 /* musis-rests.png in Resources */,
				C989F2EB19AF1D63002608F7 /* music-double-sharp.png in Resources */,
				C989F2B019AF0A8E002608F7 /* KZPMusicKeyboardView.xib in Resources */,
				C9A2FD8D1A5D68E800B92463 /* P200 Piano G#9.caf in Resources */,
				C989F2ED19AF1D63002608F7 /* music-flat.png in Resources */,
				C9A2FD7D1A5D68E800B92463 /* P200 Piano A#5.caf in Resources */,
				C989F2F619AF1D63002608F7 /* piano_icon.png in Resources */,
				C9A2FE331A5E202D00B92463 /* Rhodes G5.caf in Resources */,
				C9A2FE2E1A5E202D00B92463 /* Rhodes C7.caf in Resources */,
				C989F2F319AF1D63002608F7 /* music-tie.png in Resources */,
				C9A2FE351A5E202D00B92463 /* Rhodes G7.caf in Resources */,
				C9A2FE2C1A5E202D00B92463 /* Rhodes C5.caf in Resources */,
				C9A2FE2A1A5E202D00B92463 /* Rhodes C3.caf in Resources */,
				C9A2FE301A5E202D00B92463 /* Rhodes E3.caf in Resources */,
				C989F2EA19AF1D63002608F7 /* music-double-flat.png in Resources */,
				C9A2FD7C1A5D68E800B92463 /* P200 Piano A#4.caf in Resources */,
				C989F2E419AF1D63002608F7 /* ebony_keyup.png in Resources */,
				C9A2FD861A5D68E800B92463 /* P200 Piano D6.caf in Resources */,
				C9A2FD831A5D68E800B92463 /* P200 Piano D3.caf in Resources */,
				C989F2E919AF1D63002608F7 /* music-dot.png in Resources */,
				C9A2FD8B1A5D68E800B92463 /* P200 Piano F#6.caf in Resources */,
				C989F2E619AF1D63002608F7 /* ivory_keyup.png in Resources */,
				C9A2FE2B1A5E202D00B92463 /* Rhodes C4.caf in Resources */,
				C989F2F419AF1D63002608F7 /* music-wt.png in Resources */,
				C989F2EF19AF1D63002608F7 /* music-natural.png in Resources */,
				C9A2FE341A5E202D00B92463 /* Rhodes G6.caf in Resources */,
				C989F3A919AF59B6002608F7 /* piano_keyboard.png in Resources */,
				C989F2E119AF1D63002608F7 /* backspace.png in Resources */,
				C9A2FD841A5D68E800B92463 /* P200 Piano D4.caf in Resources */,
				C9A2FD821A5D68E800B92463 /* P200 Piano D2.caf in Resources */,
				C9A2FD7B1A5D68E800B92463 /* P200 Piano A#3.caf in Resources */,
				C9AECF8C1A44E5610050733C /* music-double-flat-inverted.png in Resources */,
				C9A2FD801A5D68E800B92463 /* P200 Piano C7.caf in Resources */,
				C989F2EE19AF1D63002608F7 /* music-minim.png in Resources */,
				C989F1D419AF07AC002608F7 /* Main.storyboard in Resources */,
				C989F2F219AF1D63002608F7 /* music-squaver.png in Resources */,
				C9A2FD8C1A5D68E800B92463 /* P200 Piano F#7.caf in Resources */,
				C9A2FE321A5E202D00B92463 /* Rhodes G4.caf in Resources */,
				C989F2EC19AF1D63002608F7 /* music-dsquaver.png in Resources */,
				C9A2FD7A1A5D68E800B92463 /* P200 Piano A#2.caf in Resources */,
				C9A2FD811A5D68E800B92463 /* P200 Piano D#8.caf in Resources */,
				C9A2FD871A5D68E800B92463 /* P200 Piano F#2.caf in Resources */,
				C9A2FE311A5E202D00B92463 /* Rhodes G2.caf in Resources */,
				C9A2FE2F1A5E202D00B92463 /* Rhodes C8.caf in Resources */,
				C989F2E219AF1D63002608F7 /* bg-wood.jpg in Resources */,
				C9AECF921A44E7020050733C /* music-flat-inverted.png in Resources */,
			);
			runOnlyForDeploymentPostprocessing = 0;
		};
		C989F1DC19AF07AC002608F7 /* Resources */ = {
			isa = PBXResourcesBuildPhase;
			buildActionMask = 2147483647;
			files = (
				C989F1EA19AF07AC002608F7 /* InfoPlist.strings in Resources */,
			);
			runOnlyForDeploymentPostprocessing = 0;
		};
/* End PBXResourcesBuildPhase section */

/* Begin PBXSourcesBuildPhase section */
		C989F1B919AF07AB002608F7 /* Sources */ = {
			isa = PBXSourcesBuildPhase;
			buildActionMask = 2147483647;
			files = (
				C9AECFE01A451AFE0050733C /* NSSet+SetOperations.m in Sources */,
				C989F2B119AF0A8E002608F7 /* KZPMusicKeyboardViewController.m in Sources */,
				C989F2BB19AF0C01002608F7 /* AGWindowViewTest.m in Sources */,
				C9AECFE41A451AFE0050733C /* SciNotation.m in Sources */,
				C989F1D719AF07AC002608F7 /* ViewController.m in Sources */,
				C9AECFDE1A451AFE0050733C /* NSArray+functions.m in Sources */,
				C9A2FD0F1A5D68D800B92463 /* SoundBankPlayer.m in Sources */,
				C9AECFE21A451AFE0050733C /* NSString+functions.m in Sources */,
				C989F2B319AF0A8E002608F7 /* KZPMusicKeyboardManager.m in Sources */,
				C989F2B419AF0A8E002608F7 /* KZPMusicTextField.m in Sources */,
				C9AECFE61A451AFE0050733C /* Utilities.m in Sources */,
				C989F2BA19AF0C01002608F7 /* AGWindowView.m in Sources */,
				C989F1D119AF07AC002608F7 /* AppDelegate.m in Sources */,
				C9A2FD0C1A5D68D800B92463 /* OpenALSupport.c in Sources */,
				C989F1CD19AF07AC002608F7 /* main.m in Sources */,
				C989F2BE19AF0C2F002608F7 /* UIView+frameOperations.m in Sources */,
			);
			runOnlyForDeploymentPostprocessing = 0;
		};
		C989F1DA19AF07AC002608F7 /* Sources */ = {
			isa = PBXSourcesBuildPhase;
			buildActionMask = 2147483647;
			files = (
				C989F1EC19AF07AC002608F7 /* KZPMusicKeyboardTests.m in Sources */,
			);
			runOnlyForDeploymentPostprocessing = 0;
		};
/* End PBXSourcesBuildPhase section */

/* Begin PBXTargetDependency section */
		C989F1E419AF07AC002608F7 /* PBXTargetDependency */ = {
			isa = PBXTargetDependency;
			target = C989F1BC19AF07AB002608F7 /* KZPMusicKeyboard */;
			targetProxy = C989F1E319AF07AC002608F7 /* PBXContainerItemProxy */;
		};
/* End PBXTargetDependency section */

/* Begin PBXVariantGroup section */
		C989F1C919AF07AC002608F7 /* InfoPlist.strings */ = {
			isa = PBXVariantGroup;
			children = (
				C989F1CA19AF07AC002608F7 /* en */,
			);
			name = InfoPlist.strings;
			sourceTree = "<group>";
		};
		C989F1D219AF07AC002608F7 /* Main.storyboard */ = {
			isa = PBXVariantGroup;
			children = (
				C989F1D319AF07AC002608F7 /* Base */,
			);
			name = Main.storyboard;
			sourceTree = "<group>";
		};
		C989F1E819AF07AC002608F7 /* InfoPlist.strings */ = {
			isa = PBXVariantGroup;
			children = (
				C989F1E919AF07AC002608F7 /* en */,
			);
			name = InfoPlist.strings;
			sourceTree = "<group>";
		};
/* End PBXVariantGroup section */

/* Begin XCBuildConfiguration section */
		C989F1ED19AF07AC002608F7 /* Debug */ = {
			isa = XCBuildConfiguration;
			buildSettings = {
				ALWAYS_SEARCH_USER_PATHS = NO;
				CLANG_CXX_LANGUAGE_STANDARD = "gnu++0x";
				CLANG_CXX_LIBRARY = "libc++";
				CLANG_ENABLE_MODULES = YES;
				CLANG_ENABLE_OBJC_ARC = YES;
				CLANG_WARN_BOOL_CONVERSION = YES;
				CLANG_WARN_CONSTANT_CONVERSION = YES;
				CLANG_WARN_DIRECT_OBJC_ISA_USAGE = YES_ERROR;
				CLANG_WARN_EMPTY_BODY = YES;
				CLANG_WARN_ENUM_CONVERSION = YES;
				CLANG_WARN_INT_CONVERSION = YES;
				CLANG_WARN_OBJC_ROOT_CLASS = YES_ERROR;
				CLANG_WARN__DUPLICATE_METHOD_MATCH = YES;
				"CODE_SIGN_IDENTITY[sdk=iphoneos*]" = "iPhone Developer";
				COPY_PHASE_STRIP = NO;
				FRAMEWORK_SEARCH_PATHS = (
					"$(DEVELOPER_FRAMEWORKS_DIR)",
					"$(inherited)",
				);
				GCC_C_LANGUAGE_STANDARD = gnu99;
				GCC_DYNAMIC_NO_PIC = NO;
				GCC_OPTIMIZATION_LEVEL = 0;
				GCC_PREPROCESSOR_DEFINITIONS = (
					"DEBUG=1",
					"$(inherited)",
				);
				GCC_SYMBOLS_PRIVATE_EXTERN = NO;
				GCC_WARN_64_TO_32_BIT_CONVERSION = YES;
				GCC_WARN_ABOUT_RETURN_TYPE = YES_ERROR;
				GCC_WARN_UNDECLARED_SELECTOR = YES;
				GCC_WARN_UNINITIALIZED_AUTOS = YES_AGGRESSIVE;
				GCC_WARN_UNUSED_FUNCTION = YES;
				GCC_WARN_UNUSED_VARIABLE = YES;
				IPHONEOS_DEPLOYMENT_TARGET = 7.1;
				ONLY_ACTIVE_ARCH = YES;
				SDKROOT = iphoneos;
				TARGETED_DEVICE_FAMILY = 2;
			};
			name = Debug;
		};
		C989F1EE19AF07AC002608F7 /* Release */ = {
			isa = XCBuildConfiguration;
			buildSettings = {
				ALWAYS_SEARCH_USER_PATHS = NO;
				CLANG_CXX_LANGUAGE_STANDARD = "gnu++0x";
				CLANG_CXX_LIBRARY = "libc++";
				CLANG_ENABLE_MODULES = YES;
				CLANG_ENABLE_OBJC_ARC = YES;
				CLANG_WARN_BOOL_CONVERSION = YES;
				CLANG_WARN_CONSTANT_CONVERSION = YES;
				CLANG_WARN_DIRECT_OBJC_ISA_USAGE = YES_ERROR;
				CLANG_WARN_EMPTY_BODY = YES;
				CLANG_WARN_ENUM_CONVERSION = YES;
				CLANG_WARN_INT_CONVERSION = YES;
				CLANG_WARN_OBJC_ROOT_CLASS = YES_ERROR;
				CLANG_WARN__DUPLICATE_METHOD_MATCH = YES;
				"CODE_SIGN_IDENTITY[sdk=iphoneos*]" = "iPhone Developer";
				COPY_PHASE_STRIP = YES;
				ENABLE_NS_ASSERTIONS = NO;
				FRAMEWORK_SEARCH_PATHS = (
					"$(DEVELOPER_FRAMEWORKS_DIR)",
					"$(inherited)",
				);
				GCC_C_LANGUAGE_STANDARD = gnu99;
				GCC_WARN_64_TO_32_BIT_CONVERSION = YES;
				GCC_WARN_ABOUT_RETURN_TYPE = YES_ERROR;
				GCC_WARN_UNDECLARED_SELECTOR = YES;
				GCC_WARN_UNINITIALIZED_AUTOS = YES_AGGRESSIVE;
				GCC_WARN_UNUSED_FUNCTION = YES;
				GCC_WARN_UNUSED_VARIABLE = YES;
				IPHONEOS_DEPLOYMENT_TARGET = 7.1;
				SDKROOT = iphoneos;
				TARGETED_DEVICE_FAMILY = 2;
				VALIDATE_PRODUCT = YES;
			};
			name = Release;
		};
		C989F1F019AF07AC002608F7 /* Debug */ = {
			isa = XCBuildConfiguration;
			buildSettings = {
				ASSETCATALOG_COMPILER_APPICON_NAME = AppIcon;
				ASSETCATALOG_COMPILER_LAUNCHIMAGE_NAME = LaunchImage;
				FRAMEWORK_SEARCH_PATHS = (
					"$(SDKROOT)/Developer/Library/Frameworks",
					"$(inherited)",
					"$(DEVELOPER_FRAMEWORKS_DIR)",
				);
				GCC_PRECOMPILE_PREFIX_HEADER = YES;
				GCC_PREFIX_HEADER = "KZPMusicKeyboard/KZPMusicKeyboard-Prefix.pch";
				INFOPLIST_FILE = "KZPMusicKeyboard/KZPMusicKeyboard-Info.plist";
				PRODUCT_NAME = "$(TARGET_NAME)";
				WRAPPER_EXTENSION = app;
			};
			name = Debug;
		};
		C989F1F119AF07AC002608F7 /* Release */ = {
			isa = XCBuildConfiguration;
			buildSettings = {
				ASSETCATALOG_COMPILER_APPICON_NAME = AppIcon;
				ASSETCATALOG_COMPILER_LAUNCHIMAGE_NAME = LaunchImage;
				FRAMEWORK_SEARCH_PATHS = (
					"$(SDKROOT)/Developer/Library/Frameworks",
					"$(inherited)",
					"$(DEVELOPER_FRAMEWORKS_DIR)",
				);
				GCC_PRECOMPILE_PREFIX_HEADER = YES;
				GCC_PREFIX_HEADER = "KZPMusicKeyboard/KZPMusicKeyboard-Prefix.pch";
				INFOPLIST_FILE = "KZPMusicKeyboard/KZPMusicKeyboard-Info.plist";
				PRODUCT_NAME = "$(TARGET_NAME)";
				WRAPPER_EXTENSION = app;
			};
			name = Release;
		};
		C989F1F319AF07AC002608F7 /* Debug */ = {
			isa = XCBuildConfiguration;
			buildSettings = {
				BUNDLE_LOADER = "$(BUILT_PRODUCTS_DIR)/KZPMusicKeyboard.app/KZPMusicKeyboard";
				FRAMEWORK_SEARCH_PATHS = (
					"$(SDKROOT)/Developer/Library/Frameworks",
					"$(inherited)",
					"$(DEVELOPER_FRAMEWORKS_DIR)",
				);
				GCC_PRECOMPILE_PREFIX_HEADER = YES;
				GCC_PREFIX_HEADER = "KZPMusicKeyboard/KZPMusicKeyboard-Prefix.pch";
				GCC_PREPROCESSOR_DEFINITIONS = (
					"DEBUG=1",
					"$(inherited)",
				);
				INFOPLIST_FILE = "KZPMusicKeyboardTests/KZPMusicKeyboardTests-Info.plist";
				PRODUCT_NAME = "$(TARGET_NAME)";
				TEST_HOST = "$(BUNDLE_LOADER)";
				WRAPPER_EXTENSION = xctest;
			};
			name = Debug;
		};
		C989F1F419AF07AC002608F7 /* Release */ = {
			isa = XCBuildConfiguration;
			buildSettings = {
				BUNDLE_LOADER = "$(BUILT_PRODUCTS_DIR)/KZPMusicKeyboard.app/KZPMusicKeyboard";
				FRAMEWORK_SEARCH_PATHS = (
					"$(SDKROOT)/Developer/Library/Frameworks",
					"$(inherited)",
					"$(DEVELOPER_FRAMEWORKS_DIR)",
				);
				GCC_PRECOMPILE_PREFIX_HEADER = YES;
				GCC_PREFIX_HEADER = "KZPMusicKeyboard/KZPMusicKeyboard-Prefix.pch";
				INFOPLIST_FILE = "KZPMusicKeyboardTests/KZPMusicKeyboardTests-Info.plist";
				PRODUCT_NAME = "$(TARGET_NAME)";
				TEST_HOST = "$(BUNDLE_LOADER)";
				WRAPPER_EXTENSION = xctest;
			};
			name = Release;
		};
/* End XCBuildConfiguration section */

/* Begin XCConfigurationList section */
		C989F1B819AF07AB002608F7 /* Build configuration list for PBXProject "KZPMusicKeyboard" */ = {
			isa = XCConfigurationList;
			buildConfigurations = (
				C989F1ED19AF07AC002608F7 /* Debug */,
				C989F1EE19AF07AC002608F7 /* Release */,
			);
			defaultConfigurationIsVisible = 0;
			defaultConfigurationName = Release;
		};
		C989F1EF19AF07AC002608F7 /* Build configuration list for PBXNativeTarget "KZPMusicKeyboard" */ = {
			isa = XCConfigurationList;
			buildConfigurations = (
				C989F1F019AF07AC002608F7 /* Debug */,
				C989F1F119AF07AC002608F7 /* Release */,
			);
			defaultConfigurationIsVisible = 0;
			defaultConfigurationName = Release;
		};
		C989F1F219AF07AC002608F7 /* Build configuration list for PBXNativeTarget "KZPMusicKeyboardTests" */ = {
			isa = XCConfigurationList;
			buildConfigurations = (
				C989F1F319AF07AC002608F7 /* Debug */,
				C989F1F419AF07AC002608F7 /* Release */,
			);
			defaultConfigurationIsVisible = 0;
			defaultConfigurationName = Release;
		};
/* End XCConfigurationList section */
	};
	rootObject = C989F1B519AF07AB002608F7 /* Project object */;
}
