// !$*UTF8*$!
{
	archiveVersion = 1;
	classes = {
	};
	objectVersion = 46;
	objects = {

/* Begin PBXBuildFile section */
		60994138E94727FBF750C5FD /* libPods.a in Frameworks */ = {isa = PBXBuildFile; fileRef = AAB1C342A76DF1A765EA10ED /* libPods.a */; };
		A19FB8E01C1487DC00B54305 /* KZPMusicKeyboardMapView.xib in Resources */ = {isa = PBXBuildFile; fileRef = A19FB8DD1C1487DC00B54305 /* KZPMusicKeyboardMapView.xib */; };
		A19FB8E11C1487DC00B54305 /* KZPMusicKeyboardRibbonView.xib in Resources */ = {isa = PBXBuildFile; fileRef = A19FB8DE1C1487DC00B54305 /* KZPMusicKeyboardRibbonView.xib */; };
		A19FB8E21C1487DC00B54305 /* KZPMusicKeyboardView.xib in Resources */ = {isa = PBXBuildFile; fileRef = A19FB8DF1C1487DC00B54305 /* KZPMusicKeyboardView.xib */; };
		A19FB8EF1C15CC7800B54305 /* KZPKeyboardSuperview.h in Headers */ = {isa = PBXBuildFile; fileRef = A19FB8ED1C15CC7800B54305 /* KZPKeyboardSuperview.h */; };
		A19FB8F01C15CC7800B54305 /* KZPKeyboardSuperview.m in Sources */ = {isa = PBXBuildFile; fileRef = A19FB8EE1C15CC7800B54305 /* KZPKeyboardSuperview.m */; };
		A19FB8F31C16530C00B54305 /* KZPMusicKeyboardSpellingButton.h in Headers */ = {isa = PBXBuildFile; fileRef = A19FB8F11C16530C00B54305 /* KZPMusicKeyboardSpellingButton.h */; };
		A19FB8F41C16530C00B54305 /* KZPMusicKeyboardSpellingButton.m in Sources */ = {isa = PBXBuildFile; fileRef = A19FB8F21C16530C00B54305 /* KZPMusicKeyboardSpellingButton.m */; };
		A19FB8F71C16538E00B54305 /* KZPMusicKeyboardRibbonButton.h in Headers */ = {isa = PBXBuildFile; fileRef = A19FB8F51C16538E00B54305 /* KZPMusicKeyboardRibbonButton.h */; };
		A19FB8F81C16538E00B54305 /* KZPMusicKeyboardRibbonButton.m in Sources */ = {isa = PBXBuildFile; fileRef = A19FB8F61C16538E00B54305 /* KZPMusicKeyboardRibbonButton.m */; };
		A1EFF8611C142C7E005636E5 /* KZPMusicDurationData.h in Headers */ = {isa = PBXBuildFile; fileRef = A1EFF85F1C142C7D005636E5 /* KZPMusicDurationData.h */; };
		A1EFF8621C142C7E005636E5 /* KZPMusicDurationData.m in Sources */ = {isa = PBXBuildFile; fileRef = A1EFF8601C142C7D005636E5 /* KZPMusicDurationData.m */; };
		A1EFF8631C142C7E005636E5 /* KZPMusicDurationData.m in Sources */ = {isa = PBXBuildFile; fileRef = A1EFF8601C142C7D005636E5 /* KZPMusicDurationData.m */; };
		A1EFF8661C142C9B005636E5 /* KZPMusicPitchData.h in Headers */ = {isa = PBXBuildFile; fileRef = A1EFF8641C142C9B005636E5 /* KZPMusicPitchData.h */; };
		A1EFF8671C142C9B005636E5 /* KZPMusicPitchData.m in Sources */ = {isa = PBXBuildFile; fileRef = A1EFF8651C142C9B005636E5 /* KZPMusicPitchData.m */; };
		A1EFF8681C142C9B005636E5 /* KZPMusicPitchData.m in Sources */ = {isa = PBXBuildFile; fileRef = A1EFF8651C142C9B005636E5 /* KZPMusicPitchData.m */; };
		A1EFF88A1C144910005636E5 /* backspace.png in Resources */ = {isa = PBXBuildFile; fileRef = A1EFF86A1C144910005636E5 /* backspace.png */; };
		A1EFF88B1C144910005636E5 /* bg-wood.jpg in Resources */ = {isa = PBXBuildFile; fileRef = A1EFF86B1C144910005636E5 /* bg-wood.jpg */; };
		A1EFF88C1C144910005636E5 /* dismiss.png in Resources */ = {isa = PBXBuildFile; fileRef = A1EFF86C1C144910005636E5 /* dismiss.png */; };
		A1EFF88D1C144910005636E5 /* ebony_keydown.png in Resources */ = {isa = PBXBuildFile; fileRef = A1EFF86D1C144910005636E5 /* ebony_keydown.png */; };
		A1EFF88E1C144910005636E5 /* ebony_keyup.png in Resources */ = {isa = PBXBuildFile; fileRef = A1EFF86E1C144910005636E5 /* ebony_keyup.png */; };
		A1EFF88F1C144910005636E5 /* ivory_keydown.png in Resources */ = {isa = PBXBuildFile; fileRef = A1EFF86F1C144910005636E5 /* ivory_keydown.png */; };
		A1EFF8901C144910005636E5 /* ivory_keyup.png in Resources */ = {isa = PBXBuildFile; fileRef = A1EFF8701C144910005636E5 /* ivory_keyup.png */; };
		A1EFF8911C144910005636E5 /* keyboard_map.jpeg in Resources */ = {isa = PBXBuildFile; fileRef = A1EFF8711C144910005636E5 /* keyboard_map.jpeg */; };
		A1EFF8921C144910005636E5 /* music-accidentals.png in Resources */ = {isa = PBXBuildFile; fileRef = A1EFF8721C144910005636E5 /* music-accidentals.png */; };
		A1EFF8931C144910005636E5 /* music-crotchet.png in Resources */ = {isa = PBXBuildFile; fileRef = A1EFF8731C144910005636E5 /* music-crotchet.png */; };
		A1EFF8941C144910005636E5 /* music-dot.png in Resources */ = {isa = PBXBuildFile; fileRef = A1EFF8741C144910005636E5 /* music-dot.png */; };
		A1EFF8951C144910005636E5 /* music-double-flat-inverted.png in Resources */ = {isa = PBXBuildFile; fileRef = A1EFF8751C144910005636E5 /* music-double-flat-inverted.png */; };
		A1EFF8961C144910005636E5 /* music-double-flat.png in Resources */ = {isa = PBXBuildFile; fileRef = A1EFF8761C144910005636E5 /* music-double-flat.png */; };
		A1EFF8971C144910005636E5 /* music-double-sharp-inverted.png in Resources */ = {isa = PBXBuildFile; fileRef = A1EFF8771C144910005636E5 /* music-double-sharp-inverted.png */; };
		A1EFF8981C144910005636E5 /* music-double-sharp.png in Resources */ = {isa = PBXBuildFile; fileRef = A1EFF8781C144910005636E5 /* music-double-sharp.png */; };
		A1EFF8991C144910005636E5 /* music-dsquaver.png in Resources */ = {isa = PBXBuildFile; fileRef = A1EFF8791C144910005636E5 /* music-dsquaver.png */; };
		A1EFF89A1C144910005636E5 /* music-flat-inverted.png in Resources */ = {isa = PBXBuildFile; fileRef = A1EFF87A1C144910005636E5 /* music-flat-inverted.png */; };
		A1EFF89B1C144910005636E5 /* music-flat.png in Resources */ = {isa = PBXBuildFile; fileRef = A1EFF87B1C144910005636E5 /* music-flat.png */; };
		A1EFF89C1C144910005636E5 /* music-minim.png in Resources */ = {isa = PBXBuildFile; fileRef = A1EFF87C1C144910005636E5 /* music-minim.png */; };
		A1EFF89D1C144910005636E5 /* music-natural-inverted.png in Resources */ = {isa = PBXBuildFile; fileRef = A1EFF87D1C144910005636E5 /* music-natural-inverted.png */; };
		A1EFF89E1C144910005636E5 /* music-natural.png in Resources */ = {isa = PBXBuildFile; fileRef = A1EFF87E1C144910005636E5 /* music-natural.png */; };
		A1EFF89F1C144910005636E5 /* music-quaver.png in Resources */ = {isa = PBXBuildFile; fileRef = A1EFF87F1C144910005636E5 /* music-quaver.png */; };
		A1EFF8A01C144910005636E5 /* music-sharp-inverted.png in Resources */ = {isa = PBXBuildFile; fileRef = A1EFF8801C144910005636E5 /* music-sharp-inverted.png */; };
		A1EFF8A11C144910005636E5 /* music-sharp.png in Resources */ = {isa = PBXBuildFile; fileRef = A1EFF8811C144910005636E5 /* music-sharp.png */; };
		A1EFF8A21C144910005636E5 /* music-squaver.png in Resources */ = {isa = PBXBuildFile; fileRef = A1EFF8821C144910005636E5 /* music-squaver.png */; };
		A1EFF8A31C144910005636E5 /* music-tie.png in Resources */ = {isa = PBXBuildFile; fileRef = A1EFF8831C144910005636E5 /* music-tie.png */; };
		A1EFF8A41C144910005636E5 /* music-wt.png in Resources */ = {isa = PBXBuildFile; fileRef = A1EFF8841C144910005636E5 /* music-wt.png */; };
		A1EFF8A51C144910005636E5 /* music-rests.png in Resources */ = {isa = PBXBuildFile; fileRef = A1EFF8851C144910005636E5 /* music-rests.png */; };
		A1EFF8A61C144910005636E5 /* piano_icon.png in Resources */ = {isa = PBXBuildFile; fileRef = A1EFF8861C144910005636E5 /* piano_icon.png */; };
		A1EFF8A71C144910005636E5 /* piano_keyboard.png in Resources */ = {isa = PBXBuildFile; fileRef = A1EFF8871C144910005636E5 /* piano_keyboard.png */; };
		A1EFF8AC1C1452CB005636E5 /* KZPMusicKeyboardAudio.h in Headers */ = {isa = PBXBuildFile; fileRef = A1EFF8AA1C1452CB005636E5 /* KZPMusicKeyboardAudio.h */; };
		A1EFF8AD1C1452CB005636E5 /* KZPMusicKeyboardAudio.m in Sources */ = {isa = PBXBuildFile; fileRef = A1EFF8AB1C1452CB005636E5 /* KZPMusicKeyboardAudio.m */; };
		A1EFF8B71C14578C005636E5 /* KZPMusicKeyboardRibbonViewController.h in Headers */ = {isa = PBXBuildFile; fileRef = A1EFF8B51C14578C005636E5 /* KZPMusicKeyboardRibbonViewController.h */; };
		A1EFF8B81C14578C005636E5 /* KZPMusicKeyboardRibbonViewController.m in Sources */ = {isa = PBXBuildFile; fileRef = A1EFF8B61C14578C005636E5 /* KZPMusicKeyboardRibbonViewController.m */; };
		A1EFF8BD1C145B2E005636E5 /* KZPMusicKeyboardMapViewController.h in Headers */ = {isa = PBXBuildFile; fileRef = A1EFF8BB1C145B2E005636E5 /* KZPMusicKeyboardMapViewController.h */; };
		A1EFF8BE1C145B2E005636E5 /* KZPMusicKeyboardMapViewController.m in Sources */ = {isa = PBXBuildFile; fileRef = A1EFF8BC1C145B2E005636E5 /* KZPMusicKeyboardMapViewController.m */; };
		A1EFF8C11C145B43005636E5 /* KZPMusicKeyboardSpellingViewController.h in Headers */ = {isa = PBXBuildFile; fileRef = A1EFF8BF1C145B43005636E5 /* KZPMusicKeyboardSpellingViewController.h */; };
		A1EFF8C21C145B43005636E5 /* KZPMusicKeyboardSpellingViewController.m in Sources */ = {isa = PBXBuildFile; fileRef = A1EFF8C01C145B43005636E5 /* KZPMusicKeyboardSpellingViewController.m */; };
		A1EFF8C41C145BBD005636E5 /* KZPMusicKeyboardDelegate.h in Headers */ = {isa = PBXBuildFile; fileRef = A1EFF8C31C145BBD005636E5 /* KZPMusicKeyboardDelegate.h */; };
		A1EFF8CC1C145E06005636E5 /* KZPMusicKeyboardDataAggregator.h in Headers */ = {isa = PBXBuildFile; fileRef = A1EFF8CA1C145E06005636E5 /* KZPMusicKeyboardDataAggregator.h */; };
		A1EFF8CD1C145E06005636E5 /* KZPMusicKeyboardDataAggregator.m in Sources */ = {isa = PBXBuildFile; fileRef = A1EFF8CB1C145E06005636E5 /* KZPMusicKeyboardDataAggregator.m */; };
		C989F1C119AF07AB002608F7 /* Foundation.framework in Frameworks */ = {isa = PBXBuildFile; fileRef = C989F1C019AF07AB002608F7 /* Foundation.framework */; };
		C989F1C319AF07AC002608F7 /* CoreGraphics.framework in Frameworks */ = {isa = PBXBuildFile; fileRef = C989F1C219AF07AC002608F7 /* CoreGraphics.framework */; };
		C989F1C519AF07AC002608F7 /* UIKit.framework in Frameworks */ = {isa = PBXBuildFile; fileRef = C989F1C419AF07AC002608F7 /* UIKit.framework */; };
		C989F1CB19AF07AC002608F7 /* InfoPlist.strings in Resources */ = {isa = PBXBuildFile; fileRef = C989F1C919AF07AC002608F7 /* InfoPlist.strings */; };
		C989F1CD19AF07AC002608F7 /* main.m in Sources */ = {isa = PBXBuildFile; fileRef = C989F1CC19AF07AC002608F7 /* main.m */; };
		C989F1D119AF07AC002608F7 /* AppDelegate.m in Sources */ = {isa = PBXBuildFile; fileRef = C989F1D019AF07AC002608F7 /* AppDelegate.m */; };
		C989F1D419AF07AC002608F7 /* Main.storyboard in Resources */ = {isa = PBXBuildFile; fileRef = C989F1D219AF07AC002608F7 /* Main.storyboard */; };
		C989F1D719AF07AC002608F7 /* ViewController.m in Sources */ = {isa = PBXBuildFile; fileRef = C989F1D619AF07AC002608F7 /* ViewController.m */; };
		C989F1D919AF07AC002608F7 /* Images.xcassets in Resources */ = {isa = PBXBuildFile; fileRef = C989F1D819AF07AC002608F7 /* Images.xcassets */; };
		C989F1E019AF07AC002608F7 /* XCTest.framework in Frameworks */ = {isa = PBXBuildFile; fileRef = C989F1DF19AF07AC002608F7 /* XCTest.framework */; };
		C989F1E119AF07AC002608F7 /* Foundation.framework in Frameworks */ = {isa = PBXBuildFile; fileRef = C989F1C019AF07AB002608F7 /* Foundation.framework */; };
		C989F1E219AF07AC002608F7 /* UIKit.framework in Frameworks */ = {isa = PBXBuildFile; fileRef = C989F1C419AF07AC002608F7 /* UIKit.framework */; };
		C989F1EA19AF07AC002608F7 /* InfoPlist.strings in Resources */ = {isa = PBXBuildFile; fileRef = C989F1E819AF07AC002608F7 /* InfoPlist.strings */; };
		C989F1EC19AF07AC002608F7 /* KZPMusicKeyboardTests.m in Sources */ = {isa = PBXBuildFile; fileRef = C989F1EB19AF07AC002608F7 /* KZPMusicKeyboardTests.m */; };
		C989F2B119AF0A8E002608F7 /* KZPMusicKeyboardViewController.m in Sources */ = {isa = PBXBuildFile; fileRef = C989F2A919AF0A8E002608F7 /* KZPMusicKeyboardViewController.m */; };
		C989F2B319AF0A8E002608F7 /* KZPMusicKeyboard.m in Sources */ = {isa = PBXBuildFile; fileRef = C989F2AD19AF0A8E002608F7 /* KZPMusicKeyboard.m */; };
		C989F2BE19AF0C2F002608F7 /* UIView+frameOperations.m in Sources */ = {isa = PBXBuildFile; fileRef = C989F2BD19AF0C2F002608F7 /* UIView+frameOperations.m */; };
/* End PBXBuildFile section */

/* Begin PBXContainerItemProxy section */
		C989F1E319AF07AC002608F7 /* PBXContainerItemProxy */ = {
			isa = PBXContainerItemProxy;
			containerPortal = C989F1B519AF07AB002608F7 /* Project object */;
			proxyType = 1;
			remoteGlobalIDString = C989F1BC19AF07AB002608F7;
			remoteInfo = KZPMusicKeyboard;
		};
/* End PBXContainerItemProxy section */

/* Begin PBXFileReference section */
		26BDAF1873AC7170CC619915 /* Pods.release.xcconfig */ = {isa = PBXFileReference; includeInIndex = 1; lastKnownFileType = text.xcconfig; name = Pods.release.xcconfig; path = "../Pods/Target Support Files/Pods/Pods.release.xcconfig"; sourceTree = "<group>"; };
		8F7A20FB70E3F1CF3440ABB3 /* Pods.debug.xcconfig */ = {isa = PBXFileReference; includeInIndex = 1; lastKnownFileType = text.xcconfig; name = Pods.debug.xcconfig; path = "../Pods/Target Support Files/Pods/Pods.debug.xcconfig"; sourceTree = "<group>"; };
		A19FB8DD1C1487DC00B54305 /* KZPMusicKeyboardMapView.xib */ = {isa = PBXFileReference; fileEncoding = 4; lastKnownFileType = file.xib; name = KZPMusicKeyboardMapView.xib; path = ../Source/KZPMusicKeyboardMapView.xib; sourceTree = "<group>"; };
		A19FB8DE1C1487DC00B54305 /* KZPMusicKeyboardRibbonView.xib */ = {isa = PBXFileReference; fileEncoding = 4; lastKnownFileType = file.xib; name = KZPMusicKeyboardRibbonView.xib; path = ../Source/KZPMusicKeyboardRibbonView.xib; sourceTree = "<group>"; };
		A19FB8DF1C1487DC00B54305 /* KZPMusicKeyboardView.xib */ = {isa = PBXFileReference; fileEncoding = 4; lastKnownFileType = file.xib; name = KZPMusicKeyboardView.xib; path = ../Source/KZPMusicKeyboardView.xib; sourceTree = "<group>"; };
		A19FB8ED1C15CC7800B54305 /* KZPKeyboardSuperview.h */ = {isa = PBXFileReference; fileEncoding = 4; lastKnownFileType = sourcecode.c.h; name = KZPKeyboardSuperview.h; path = ../Source/KZPKeyboardSuperview.h; sourceTree = "<group>"; };
		A19FB8EE1C15CC7800B54305 /* KZPKeyboardSuperview.m */ = {isa = PBXFileReference; fileEncoding = 4; lastKnownFileType = sourcecode.c.objc; name = KZPKeyboardSuperview.m; path = ../Source/KZPKeyboardSuperview.m; sourceTree = "<group>"; };
		A19FB8F11C16530C00B54305 /* KZPMusicKeyboardSpellingButton.h */ = {isa = PBXFileReference; fileEncoding = 4; lastKnownFileType = sourcecode.c.h; name = KZPMusicKeyboardSpellingButton.h; path = ../Source/KZPMusicKeyboardSpellingButton.h; sourceTree = "<group>"; };
		A19FB8F21C16530C00B54305 /* KZPMusicKeyboardSpellingButton.m */ = {isa = PBXFileReference; fileEncoding = 4; lastKnownFileType = sourcecode.c.objc; name = KZPMusicKeyboardSpellingButton.m; path = ../Source/KZPMusicKeyboardSpellingButton.m; sourceTree = "<group>"; };
		A19FB8F51C16538E00B54305 /* KZPMusicKeyboardRibbonButton.h */ = {isa = PBXFileReference; fileEncoding = 4; lastKnownFileType = sourcecode.c.h; name = KZPMusicKeyboardRibbonButton.h; path = ../Source/KZPMusicKeyboardRibbonButton.h; sourceTree = "<group>"; };
		A19FB8F61C16538E00B54305 /* KZPMusicKeyboardRibbonButton.m */ = {isa = PBXFileReference; fileEncoding = 4; lastKnownFileType = sourcecode.c.objc; name = KZPMusicKeyboardRibbonButton.m; path = ../Source/KZPMusicKeyboardRibbonButton.m; sourceTree = "<group>"; };
		A1EFF85F1C142C7D005636E5 /* KZPMusicDurationData.h */ = {isa = PBXFileReference; fileEncoding = 4; lastKnownFileType = sourcecode.c.h; name = KZPMusicDurationData.h; path = ../Source/KZPMusicDurationData.h; sourceTree = "<group>"; };
		A1EFF8601C142C7D005636E5 /* KZPMusicDurationData.m */ = {isa = PBXFileReference; fileEncoding = 4; lastKnownFileType = sourcecode.c.objc; name = KZPMusicDurationData.m; path = ../Source/KZPMusicDurationData.m; sourceTree = "<group>"; };
		A1EFF8641C142C9B005636E5 /* KZPMusicPitchData.h */ = {isa = PBXFileReference; fileEncoding = 4; lastKnownFileType = sourcecode.c.h; name = KZPMusicPitchData.h; path = ../Source/KZPMusicPitchData.h; sourceTree = "<group>"; };
		A1EFF8651C142C9B005636E5 /* KZPMusicPitchData.m */ = {isa = PBXFileReference; fileEncoding = 4; lastKnownFileType = sourcecode.c.objc; name = KZPMusicPitchData.m; path = ../Source/KZPMusicPitchData.m; sourceTree = "<group>"; };
		A1EFF86A1C144910005636E5 /* backspace.png */ = {isa = PBXFileReference; lastKnownFileType = image.png; path = backspace.png; sourceTree = "<group>"; };
		A1EFF86B1C144910005636E5 /* bg-wood.jpg */ = {isa = PBXFileReference; lastKnownFileType = image.jpeg; path = "bg-wood.jpg"; sourceTree = "<group>"; };
		A1EFF86C1C144910005636E5 /* dismiss.png */ = {isa = PBXFileReference; lastKnownFileType = image.png; path = dismiss.png; sourceTree = "<group>"; };
		A1EFF86D1C144910005636E5 /* ebony_keydown.png */ = {isa = PBXFileReference; lastKnownFileType = image.png; path = ebony_keydown.png; sourceTree = "<group>"; };
		A1EFF86E1C144910005636E5 /* ebony_keyup.png */ = {isa = PBXFileReference; lastKnownFileType = image.png; path = ebony_keyup.png; sourceTree = "<group>"; };
		A1EFF86F1C144910005636E5 /* ivory_keydown.png */ = {isa = PBXFileReference; lastKnownFileType = image.png; path = ivory_keydown.png; sourceTree = "<group>"; };
		A1EFF8701C144910005636E5 /* ivory_keyup.png */ = {isa = PBXFileReference; lastKnownFileType = image.png; path = ivory_keyup.png; sourceTree = "<group>"; };
		A1EFF8711C144910005636E5 /* keyboard_map.jpeg */ = {isa = PBXFileReference; lastKnownFileType = image.jpeg; path = keyboard_map.jpeg; sourceTree = "<group>"; };
		A1EFF8721C144910005636E5 /* music-accidentals.png */ = {isa = PBXFileReference; lastKnownFileType = image.png; path = "music-accidentals.png"; sourceTree = "<group>"; };
		A1EFF8731C144910005636E5 /* music-crotchet.png */ = {isa = PBXFileReference; lastKnownFileType = image.png; path = "music-crotchet.png"; sourceTree = "<group>"; };
		A1EFF8741C144910005636E5 /* music-dot.png */ = {isa = PBXFileReference; lastKnownFileType = image.png; path = "music-dot.png"; sourceTree = "<group>"; };
		A1EFF8751C144910005636E5 /* music-double-flat-inverted.png */ = {isa = PBXFileReference; lastKnownFileType = image.png; path = "music-double-flat-inverted.png"; sourceTree = "<group>"; };
		A1EFF8761C144910005636E5 /* music-double-flat.png */ = {isa = PBXFileReference; lastKnownFileType = image.png; path = "music-double-flat.png"; sourceTree = "<group>"; };
		A1EFF8771C144910005636E5 /* music-double-sharp-inverted.png */ = {isa = PBXFileReference; lastKnownFileType = image.png; path = "music-double-sharp-inverted.png"; sourceTree = "<group>"; };
		A1EFF8781C144910005636E5 /* music-double-sharp.png */ = {isa = PBXFileReference; lastKnownFileType = image.png; path = "music-double-sharp.png"; sourceTree = "<group>"; };
		A1EFF8791C144910005636E5 /* music-dsquaver.png */ = {isa = PBXFileReference; lastKnownFileType = image.png; path = "music-dsquaver.png"; sourceTree = "<group>"; };
		A1EFF87A1C144910005636E5 /* music-flat-inverted.png */ = {isa = PBXFileReference; lastKnownFileType = image.png; path = "music-flat-inverted.png"; sourceTree = "<group>"; };
		A1EFF87B1C144910005636E5 /* music-flat.png */ = {isa = PBXFileReference; lastKnownFileType = image.png; path = "music-flat.png"; sourceTree = "<group>"; };
		A1EFF87C1C144910005636E5 /* music-minim.png */ = {isa = PBXFileReference; lastKnownFileType = image.png; path = "music-minim.png"; sourceTree = "<group>"; };
		A1EFF87D1C144910005636E5 /* music-natural-inverted.png */ = {isa = PBXFileReference; lastKnownFileType = image.png; path = "music-natural-inverted.png"; sourceTree = "<group>"; };
		A1EFF87E1C144910005636E5 /* music-natural.png */ = {isa = PBXFileReference; lastKnownFileType = image.png; path = "music-natural.png"; sourceTree = "<group>"; };
		A1EFF87F1C144910005636E5 /* music-quaver.png */ = {isa = PBXFileReference; lastKnownFileType = image.png; path = "music-quaver.png"; sourceTree = "<group>"; };
		A1EFF8801C144910005636E5 /* music-sharp-inverted.png */ = {isa = PBXFileReference; lastKnownFileType = image.png; path = "music-sharp-inverted.png"; sourceTree = "<group>"; };
		A1EFF8811C144910005636E5 /* music-sharp.png */ = {isa = PBXFileReference; lastKnownFileType = image.png; path = "music-sharp.png"; sourceTree = "<group>"; };
		A1EFF8821C144910005636E5 /* music-squaver.png */ = {isa = PBXFileReference; lastKnownFileType = image.png; path = "music-squaver.png"; sourceTree = "<group>"; };
		A1EFF8831C144910005636E5 /* music-tie.png */ = {isa = PBXFileReference; lastKnownFileType = image.png; path = "music-tie.png"; sourceTree = "<group>"; };
		A1EFF8841C144910005636E5 /* music-wt.png */ = {isa = PBXFileReference; lastKnownFileType = image.png; path = "music-wt.png"; sourceTree = "<group>"; };
		A1EFF8851C144910005636E5 /* music-rests.png */ = {isa = PBXFileReference; lastKnownFileType = image.png; path = "music-rests.png"; sourceTree = "<group>"; };
		A1EFF8861C144910005636E5 /* piano_icon.png */ = {isa = PBXFileReference; lastKnownFileType = image.png; path = piano_icon.png; sourceTree = "<group>"; };
		A1EFF8871C144910005636E5 /* piano_keyboard.png */ = {isa = PBXFileReference; lastKnownFileType = image.png; path = piano_keyboard.png; sourceTree = "<group>"; };
		A1EFF8AA1C1452CB005636E5 /* KZPMusicKeyboardAudio.h */ = {isa = PBXFileReference; fileEncoding = 4; lastKnownFileType = sourcecode.c.h; name = KZPMusicKeyboardAudio.h; path = ../Source/KZPMusicKeyboardAudio.h; sourceTree = "<group>"; };
		A1EFF8AB1C1452CB005636E5 /* KZPMusicKeyboardAudio.m */ = {isa = PBXFileReference; fileEncoding = 4; lastKnownFileType = sourcecode.c.objc; name = KZPMusicKeyboardAudio.m; path = ../Source/KZPMusicKeyboardAudio.m; sourceTree = "<group>"; };
		A1EFF8B51C14578C005636E5 /* KZPMusicKeyboardRibbonViewController.h */ = {isa = PBXFileReference; fileEncoding = 4; lastKnownFileType = sourcecode.c.h; name = KZPMusicKeyboardRibbonViewController.h; path = ../Source/KZPMusicKeyboardRibbonViewController.h; sourceTree = "<group>"; };
		A1EFF8B61C14578C005636E5 /* KZPMusicKeyboardRibbonViewController.m */ = {isa = PBXFileReference; fileEncoding = 4; lastKnownFileType = sourcecode.c.objc; name = KZPMusicKeyboardRibbonViewController.m; path = ../Source/KZPMusicKeyboardRibbonViewController.m; sourceTree = "<group>"; };
		A1EFF8BB1C145B2E005636E5 /* KZPMusicKeyboardMapViewController.h */ = {isa = PBXFileReference; fileEncoding = 4; lastKnownFileType = sourcecode.c.h; name = KZPMusicKeyboardMapViewController.h; path = ../Source/KZPMusicKeyboardMapViewController.h; sourceTree = "<group>"; };
		A1EFF8BC1C145B2E005636E5 /* KZPMusicKeyboardMapViewController.m */ = {isa = PBXFileReference; fileEncoding = 4; lastKnownFileType = sourcecode.c.objc; name = KZPMusicKeyboardMapViewController.m; path = ../Source/KZPMusicKeyboardMapViewController.m; sourceTree = "<group>"; };
		A1EFF8BF1C145B43005636E5 /* KZPMusicKeyboardSpellingViewController.h */ = {isa = PBXFileReference; fileEncoding = 4; lastKnownFileType = sourcecode.c.h; name = KZPMusicKeyboardSpellingViewController.h; path = ../Source/KZPMusicKeyboardSpellingViewController.h; sourceTree = "<group>"; };
		A1EFF8C01C145B43005636E5 /* KZPMusicKeyboardSpellingViewController.m */ = {isa = PBXFileReference; fileEncoding = 4; lastKnownFileType = sourcecode.c.objc; name = KZPMusicKeyboardSpellingViewController.m; path = ../Source/KZPMusicKeyboardSpellingViewController.m; sourceTree = "<group>"; };
		A1EFF8C31C145BBD005636E5 /* KZPMusicKeyboardDelegate.h */ = {isa = PBXFileReference; fileEncoding = 4; lastKnownFileType = sourcecode.c.h; name = KZPMusicKeyboardDelegate.h; path = ../Source/KZPMusicKeyboardDelegate.h; sourceTree = "<group>"; };
		A1EFF8CA1C145E06005636E5 /* KZPMusicKeyboardDataAggregator.h */ = {isa = PBXFileReference; fileEncoding = 4; lastKnownFileType = sourcecode.c.h; name = KZPMusicKeyboardDataAggregator.h; path = ../Source/KZPMusicKeyboardDataAggregator.h; sourceTree = "<group>"; };
		A1EFF8CB1C145E06005636E5 /* KZPMusicKeyboardDataAggregator.m */ = {isa = PBXFileReference; fileEncoding = 4; lastKnownFileType = sourcecode.c.objc; name = KZPMusicKeyboardDataAggregator.m; path = ../Source/KZPMusicKeyboardDataAggregator.m; sourceTree = "<group>"; };
		AAB1C342A76DF1A765EA10ED /* libPods.a */ = {isa = PBXFileReference; explicitFileType = archive.ar; includeInIndex = 0; path = libPods.a; sourceTree = BUILT_PRODUCTS_DIR; };
		C989F1BD19AF07AB002608F7 /* KZPMusicKeyboard.app */ = {isa = PBXFileReference; explicitFileType = wrapper.application; includeInIndex = 0; path = KZPMusicKeyboard.app; sourceTree = BUILT_PRODUCTS_DIR; };
		C989F1C019AF07AB002608F7 /* Foundation.framework */ = {isa = PBXFileReference; lastKnownFileType = wrapper.framework; name = Foundation.framework; path = System/Library/Frameworks/Foundation.framework; sourceTree = SDKROOT; };
		C989F1C219AF07AC002608F7 /* CoreGraphics.framework */ = {isa = PBXFileReference; lastKnownFileType = wrapper.framework; name = CoreGraphics.framework; path = System/Library/Frameworks/CoreGraphics.framework; sourceTree = SDKROOT; };
		C989F1C419AF07AC002608F7 /* UIKit.framework */ = {isa = PBXFileReference; lastKnownFileType = wrapper.framework; name = UIKit.framework; path = System/Library/Frameworks/UIKit.framework; sourceTree = SDKROOT; };
		C989F1C819AF07AC002608F7 /* KZPMusicKeyboard-Info.plist */ = {isa = PBXFileReference; lastKnownFileType = text.plist.xml; path = "KZPMusicKeyboard-Info.plist"; sourceTree = "<group>"; };
		C989F1CA19AF07AC002608F7 /* en */ = {isa = PBXFileReference; lastKnownFileType = text.plist.strings; name = en; path = en.lproj/InfoPlist.strings; sourceTree = "<group>"; };
		C989F1CC19AF07AC002608F7 /* main.m */ = {isa = PBXFileReference; lastKnownFileType = sourcecode.c.objc; path = main.m; sourceTree = "<group>"; };
		C989F1CE19AF07AC002608F7 /* KZPMusicKeyboard-Prefix.pch */ = {isa = PBXFileReference; lastKnownFileType = sourcecode.c.h; path = "KZPMusicKeyboard-Prefix.pch"; sourceTree = "<group>"; };
		C989F1CF19AF07AC002608F7 /* AppDelegate.h */ = {isa = PBXFileReference; lastKnownFileType = sourcecode.c.h; path = AppDelegate.h; sourceTree = "<group>"; };
		C989F1D019AF07AC002608F7 /* AppDelegate.m */ = {isa = PBXFileReference; lastKnownFileType = sourcecode.c.objc; path = AppDelegate.m; sourceTree = "<group>"; };
		C989F1D319AF07AC002608F7 /* Base */ = {isa = PBXFileReference; lastKnownFileType = file.storyboard; name = Base; path = Base.lproj/Main.storyboard; sourceTree = "<group>"; };
		C989F1D519AF07AC002608F7 /* ViewController.h */ = {isa = PBXFileReference; lastKnownFileType = sourcecode.c.h; path = ViewController.h; sourceTree = "<group>"; };
		C989F1D619AF07AC002608F7 /* ViewController.m */ = {isa = PBXFileReference; lastKnownFileType = sourcecode.c.objc; path = ViewController.m; sourceTree = "<group>"; };
		C989F1D819AF07AC002608F7 /* Images.xcassets */ = {isa = PBXFileReference; lastKnownFileType = folder.assetcatalog; path = Images.xcassets; sourceTree = "<group>"; };
		C989F1DE19AF07AC002608F7 /* KZPMusicKeyboardTests.xctest */ = {isa = PBXFileReference; explicitFileType = wrapper.cfbundle; includeInIndex = 0; path = KZPMusicKeyboardTests.xctest; sourceTree = BUILT_PRODUCTS_DIR; };
		C989F1DF19AF07AC002608F7 /* XCTest.framework */ = {isa = PBXFileReference; lastKnownFileType = wrapper.framework; name = XCTest.framework; path = Library/Frameworks/XCTest.framework; sourceTree = DEVELOPER_DIR; };
		C989F1E719AF07AC002608F7 /* KZPMusicKeyboardTests-Info.plist */ = {isa = PBXFileReference; lastKnownFileType = text.plist.xml; path = "KZPMusicKeyboardTests-Info.plist"; sourceTree = "<group>"; };
		C989F1E919AF07AC002608F7 /* en */ = {isa = PBXFileReference; lastKnownFileType = text.plist.strings; name = en; path = en.lproj/InfoPlist.strings; sourceTree = "<group>"; };
		C989F1EB19AF07AC002608F7 /* KZPMusicKeyboardTests.m */ = {isa = PBXFileReference; lastKnownFileType = sourcecode.c.objc; path = KZPMusicKeyboardTests.m; sourceTree = "<group>"; };
		C989F2A819AF0A8E002608F7 /* KZPMusicKeyboardViewController.h */ = {isa = PBXFileReference; fileEncoding = 4; lastKnownFileType = sourcecode.c.h; name = KZPMusicKeyboardViewController.h; path = ../Source/KZPMusicKeyboardViewController.h; sourceTree = "<group>"; };
		C989F2A919AF0A8E002608F7 /* KZPMusicKeyboardViewController.m */ = {isa = PBXFileReference; fileEncoding = 4; lastKnownFileType = sourcecode.c.objc; name = KZPMusicKeyboardViewController.m; path = ../Source/KZPMusicKeyboardViewController.m; sourceTree = "<group>"; };
		C989F2AC19AF0A8E002608F7 /* KZPMusicKeyboard.h */ = {isa = PBXFileReference; fileEncoding = 4; lastKnownFileType = sourcecode.c.h; name = KZPMusicKeyboard.h; path = ../Source/KZPMusicKeyboard.h; sourceTree = "<group>"; };
		C989F2AD19AF0A8E002608F7 /* KZPMusicKeyboard.m */ = {isa = PBXFileReference; fileEncoding = 4; lastKnownFileType = sourcecode.c.objc; name = KZPMusicKeyboard.m; path = ../Source/KZPMusicKeyboard.m; sourceTree = "<group>"; };
		C989F2BC19AF0C2F002608F7 /* UIView+frameOperations.h */ = {isa = PBXFileReference; fileEncoding = 4; lastKnownFileType = sourcecode.c.h; name = "UIView+frameOperations.h"; path = "../Source/UIView+frameOperations.h"; sourceTree = "<group>"; };
		C989F2BD19AF0C2F002608F7 /* UIView+frameOperations.m */ = {isa = PBXFileReference; fileEncoding = 4; lastKnownFileType = sourcecode.c.objc; name = "UIView+frameOperations.m"; path = "../Source/UIView+frameOperations.m"; sourceTree = "<group>"; };
		C989F2C219AF0E5E002608F7 /* SenTestingKit.framework */ = {isa = PBXFileReference; lastKnownFileType = wrapper.framework; name = SenTestingKit.framework; path = Library/Frameworks/SenTestingKit.framework; sourceTree = DEVELOPER_DIR; };
/* End PBXFileReference section */

/* Begin PBXFrameworksBuildPhase section */
		C989F1BA19AF07AB002608F7 /* Frameworks */ = {
			isa = PBXFrameworksBuildPhase;
			buildActionMask = 2147483647;
			files = (
				C989F1C319AF07AC002608F7 /* CoreGraphics.framework in Frameworks */,
				C989F1C519AF07AC002608F7 /* UIKit.framework in Frameworks */,
				C989F1C119AF07AB002608F7 /* Foundation.framework in Frameworks */,
				60994138E94727FBF750C5FD /* libPods.a in Frameworks */,
			);
			runOnlyForDeploymentPostprocessing = 0;
		};
		C989F1DB19AF07AC002608F7 /* Frameworks */ = {
			isa = PBXFrameworksBuildPhase;
			buildActionMask = 2147483647;
			files = (
				C989F1E019AF07AC002608F7 /* XCTest.framework in Frameworks */,
				C989F1E219AF07AC002608F7 /* UIKit.framework in Frameworks */,
				C989F1E119AF07AC002608F7 /* Foundation.framework in Frameworks */,
			);
			runOnlyForDeploymentPostprocessing = 0;
		};
/* End PBXFrameworksBuildPhase section */

/* Begin PBXGroup section */
		A1EFF85E1C142C58005636E5 /* Musical Data */ = {
			isa = PBXGroup;
			children = (
				A1EFF85F1C142C7D005636E5 /* KZPMusicDurationData.h */,
				A1EFF8601C142C7D005636E5 /* KZPMusicDurationData.m */,
				A1EFF8641C142C9B005636E5 /* KZPMusicPitchData.h */,
				A1EFF8651C142C9B005636E5 /* KZPMusicPitchData.m */,
			);
			name = "Musical Data";
			sourceTree = "<group>";
		};
		A1EFF8691C144910005636E5 /* Images */ = {
			isa = PBXGroup;
			children = (
				A1EFF86A1C144910005636E5 /* backspace.png */,
				A1EFF86B1C144910005636E5 /* bg-wood.jpg */,
				A1EFF86C1C144910005636E5 /* dismiss.png */,
				A1EFF86D1C144910005636E5 /* ebony_keydown.png */,
				A1EFF86E1C144910005636E5 /* ebony_keyup.png */,
				A1EFF86F1C144910005636E5 /* ivory_keydown.png */,
				A1EFF8701C144910005636E5 /* ivory_keyup.png */,
				A1EFF8711C144910005636E5 /* keyboard_map.jpeg */,
				A1EFF8721C144910005636E5 /* music-accidentals.png */,
				A1EFF8731C144910005636E5 /* music-crotchet.png */,
				A1EFF8741C144910005636E5 /* music-dot.png */,
				A1EFF8751C144910005636E5 /* music-double-flat-inverted.png */,
				A1EFF8761C144910005636E5 /* music-double-flat.png */,
				A1EFF8771C144910005636E5 /* music-double-sharp-inverted.png */,
				A1EFF8781C144910005636E5 /* music-double-sharp.png */,
				A1EFF8791C144910005636E5 /* music-dsquaver.png */,
				A1EFF87A1C144910005636E5 /* music-flat-inverted.png */,
				A1EFF87B1C144910005636E5 /* music-flat.png */,
				A1EFF87C1C144910005636E5 /* music-minim.png */,
				A1EFF87D1C144910005636E5 /* music-natural-inverted.png */,
				A1EFF87E1C144910005636E5 /* music-natural.png */,
				A1EFF87F1C144910005636E5 /* music-quaver.png */,
				A1EFF8801C144910005636E5 /* music-sharp-inverted.png */,
				A1EFF8811C144910005636E5 /* music-sharp.png */,
				A1EFF8821C144910005636E5 /* music-squaver.png */,
				A1EFF8831C144910005636E5 /* music-tie.png */,
				A1EFF8841C144910005636E5 /* music-wt.png */,
				A1EFF8851C144910005636E5 /* music-rests.png */,
				A1EFF8861C144910005636E5 /* piano_icon.png */,
				A1EFF8871C144910005636E5 /* piano_keyboard.png */,
			);
			name = Images;
			path = ../Source/Images;
			sourceTree = "<group>";
		};
		A1EFF8891C144910005636E5 /* Soundfonts */ = {
			isa = PBXGroup;
			children = (
			);
			name = Soundfonts;
			path = ../Source/Soundfonts;
			sourceTree = "<group>";
		};
		A1EFF8A91C144913005636E5 /* Assets */ = {
			isa = PBXGroup;
			children = (
				A1EFF8691C144910005636E5 /* Images */,
			);
			name = Assets;
			sourceTree = "<group>";
		};
		A1EFF8AE1C1452DA005636E5 /* Keyboard */ = {
			isa = PBXGroup;
			children = (
				A1EFF8C31C145BBD005636E5 /* KZPMusicKeyboardDelegate.h */,
				A1EFF8C51C145CE3005636E5 /* Music Data Aggregator */,
				A1EFF8BA1C145A26005636E5 /* Spelling Surface */,
				A1EFF8B91C145A12005636E5 /* Keyboard Map Ribbon */,
				A1EFF8B41C145756005636E5 /* Main Interface */,
				A1EFF8B11C145436005636E5 /* Control Ribbon */,
			);
			name = Keyboard;
			sourceTree = "<group>";
		};
		A1EFF8AF1C1452EC005636E5 /* Utilities */ = {
			isa = PBXGroup;
			children = (
				C989F2BC19AF0C2F002608F7 /* UIView+frameOperations.h */,
				C989F2BD19AF0C2F002608F7 /* UIView+frameOperations.m */,
				A19FB8ED1C15CC7800B54305 /* KZPKeyboardSuperview.h */,
				A19FB8EE1C15CC7800B54305 /* KZPKeyboardSuperview.m */,
			);
			name = Utilities;
			sourceTree = "<group>";
		};
		A1EFF8B01C145304005636E5 /* Audio */ = {
			isa = PBXGroup;
			children = (
				A1EFF8891C144910005636E5 /* Soundfonts */,
				A1EFF8AA1C1452CB005636E5 /* KZPMusicKeyboardAudio.h */,
				A1EFF8AB1C1452CB005636E5 /* KZPMusicKeyboardAudio.m */,
			);
			name = Audio;
			sourceTree = "<group>";
		};
		A1EFF8B11C145436005636E5 /* Control Ribbon */ = {
			isa = PBXGroup;
			children = (
				A19FB8DE1C1487DC00B54305 /* KZPMusicKeyboardRibbonView.xib */,
				A19FB8F51C16538E00B54305 /* KZPMusicKeyboardRibbonButton.h */,
				A19FB8F61C16538E00B54305 /* KZPMusicKeyboardRibbonButton.m */,
				A1EFF8B51C14578C005636E5 /* KZPMusicKeyboardRibbonViewController.h */,
				A1EFF8B61C14578C005636E5 /* KZPMusicKeyboardRibbonViewController.m */,
			);
			name = "Control Ribbon";
			sourceTree = "<group>";
		};
		A1EFF8B41C145756005636E5 /* Main Interface */ = {
			isa = PBXGroup;
			children = (
				A19FB8DF1C1487DC00B54305 /* KZPMusicKeyboardView.xib */,
				C989F2A819AF0A8E002608F7 /* KZPMusicKeyboardViewController.h */,
				C989F2A919AF0A8E002608F7 /* KZPMusicKeyboardViewController.m */,
			);
			name = "Main Interface";
			sourceTree = "<group>";
		};
		A1EFF8B91C145A12005636E5 /* Keyboard Map Ribbon */ = {
			isa = PBXGroup;
			children = (
				A19FB8DD1C1487DC00B54305 /* KZPMusicKeyboardMapView.xib */,
				A1EFF8BB1C145B2E005636E5 /* KZPMusicKeyboardMapViewController.h */,
				A1EFF8BC1C145B2E005636E5 /* KZPMusicKeyboardMapViewController.m */,
			);
			name = "Keyboard Map Ribbon";
			sourceTree = "<group>";
		};
		A1EFF8BA1C145A26005636E5 /* Spelling Surface */ = {
			isa = PBXGroup;
			children = (
				A1EFF8BF1C145B43005636E5 /* KZPMusicKeyboardSpellingViewController.h */,
				A1EFF8C01C145B43005636E5 /* KZPMusicKeyboardSpellingViewController.m */,
				A19FB8F11C16530C00B54305 /* KZPMusicKeyboardSpellingButton.h */,
				A19FB8F21C16530C00B54305 /* KZPMusicKeyboardSpellingButton.m */,
			);
			name = "Spelling Surface";
			sourceTree = "<group>";
		};
		A1EFF8C51C145CE3005636E5 /* Music Data Aggregator */ = {
			isa = PBXGroup;
			children = (
				A1EFF8CA1C145E06005636E5 /* KZPMusicKeyboardDataAggregator.h */,
				A1EFF8CB1C145E06005636E5 /* KZPMusicKeyboardDataAggregator.m */,
			);
			name = "Music Data Aggregator";
			sourceTree = "<group>";
		};
		C989F1B419AF07AB002608F7 = {
			isa = PBXGroup;
			children = (
				C989F1F519AF099F002608F7 /* KZPMusicKeyboard */,
				C989F1C619AF07AC002608F7 /* KZPMusicKeyboardDemo */,
				C989F1E519AF07AC002608F7 /* KZPMusicKeyboardTests */,
				C989F1BF19AF07AB002608F7 /* Frameworks */,
				C989F1BE19AF07AB002608F7 /* Products */,
				DAE6494D41FE7A7FA90009C7 /* Pods */,
			);
			sourceTree = "<group>";
		};
		C989F1BE19AF07AB002608F7 /* Products */ = {
			isa = PBXGroup;
			children = (
				C989F1BD19AF07AB002608F7 /* KZPMusicKeyboard.app */,
				C989F1DE19AF07AC002608F7 /* KZPMusicKeyboardTests.xctest */,
			);
			name = Products;
			sourceTree = "<group>";
		};
		C989F1BF19AF07AB002608F7 /* Frameworks */ = {
			isa = PBXGroup;
			children = (
				C989F2C219AF0E5E002608F7 /* SenTestingKit.framework */,
				C989F1C019AF07AB002608F7 /* Foundation.framework */,
				C989F1C219AF07AC002608F7 /* CoreGraphics.framework */,
				C989F1C419AF07AC002608F7 /* UIKit.framework */,
				C989F1DF19AF07AC002608F7 /* XCTest.framework */,
				AAB1C342A76DF1A765EA10ED /* libPods.a */,
			);
			name = Frameworks;
			sourceTree = "<group>";
		};
		C989F1C619AF07AC002608F7 /* KZPMusicKeyboardDemo */ = {
			isa = PBXGroup;
			children = (
				C989F1CF19AF07AC002608F7 /* AppDelegate.h */,
				C989F1D019AF07AC002608F7 /* AppDelegate.m */,
				C989F1D219AF07AC002608F7 /* Main.storyboard */,
				C989F1D519AF07AC002608F7 /* ViewController.h */,
				C989F1D619AF07AC002608F7 /* ViewController.m */,
				C989F1D819AF07AC002608F7 /* Images.xcassets */,
				C989F1C719AF07AC002608F7 /* Supporting Files */,
			);
			name = KZPMusicKeyboardDemo;
			path = KZPMusicKeyboard;
			sourceTree = "<group>";
		};
		C989F1C719AF07AC002608F7 /* Supporting Files */ = {
			isa = PBXGroup;
			children = (
				C989F1C819AF07AC002608F7 /* KZPMusicKeyboard-Info.plist */,
				C989F1C919AF07AC002608F7 /* InfoPlist.strings */,
				C989F1CC19AF07AC002608F7 /* main.m */,
				C989F1CE19AF07AC002608F7 /* KZPMusicKeyboard-Prefix.pch */,
			);
			name = "Supporting Files";
			sourceTree = "<group>";
		};
		C989F1E519AF07AC002608F7 /* KZPMusicKeyboardTests */ = {
			isa = PBXGroup;
			children = (
				C989F1EB19AF07AC002608F7 /* KZPMusicKeyboardTests.m */,
				C989F1E619AF07AC002608F7 /* Supporting Files */,
			);
			path = KZPMusicKeyboardTests;
			sourceTree = "<group>";
		};
		C989F1E619AF07AC002608F7 /* Supporting Files */ = {
			isa = PBXGroup;
			children = (
				C989F1E719AF07AC002608F7 /* KZPMusicKeyboardTests-Info.plist */,
				C989F1E819AF07AC002608F7 /* InfoPlist.strings */,
			);
			name = "Supporting Files";
			sourceTree = "<group>";
		};
		C989F1F519AF099F002608F7 /* KZPMusicKeyboard */ = {
			isa = PBXGroup;
			children = (
				C989F2AC19AF0A8E002608F7 /* KZPMusicKeyboard.h */,
				C989F2AD19AF0A8E002608F7 /* KZPMusicKeyboard.m */,
				A1EFF8AF1C1452EC005636E5 /* Utilities */,
				A1EFF8AE1C1452DA005636E5 /* Keyboard */,
				A1EFF8A91C144913005636E5 /* Assets */,
				A1EFF85E1C142C58005636E5 /* Musical Data */,
				A1EFF8B01C145304005636E5 /* Audio */,
			);
			name = KZPMusicKeyboard;
			sourceTree = "<group>";
		};
		DAE6494D41FE7A7FA90009C7 /* Pods */ = {
			isa = PBXGroup;
			children = (
				8F7A20FB70E3F1CF3440ABB3 /* Pods.debug.xcconfig */,
				26BDAF1873AC7170CC619915 /* Pods.release.xcconfig */,
			);
			name = Pods;
			sourceTree = "<group>";
		};
/* End PBXGroup section */

/* Begin PBXHeadersBuildPhase section */
		C989F51E19AF8532002608F7 /* Headers */ = {
			isa = PBXHeadersBuildPhase;
			buildActionMask = 2147483647;
			files = (
				A1EFF8611C142C7E005636E5 /* KZPMusicDurationData.h in Headers */,
				A1EFF8AC1C1452CB005636E5 /* KZPMusicKeyboardAudio.h in Headers */,
				A1EFF8C41C145BBD005636E5 /* KZPMusicKeyboardDelegate.h in Headers */,
				A1EFF8B71C14578C005636E5 /* KZPMusicKeyboardRibbonViewController.h in Headers */,
				A19FB8EF1C15CC7800B54305 /* KZPKeyboardSuperview.h in Headers */,
				A1EFF8CC1C145E06005636E5 /* KZPMusicKeyboardDataAggregator.h in Headers */,
				A19FB8F31C16530C00B54305 /* KZPMusicKeyboardSpellingButton.h in Headers */,
				A1EFF8BD1C145B2E005636E5 /* KZPMusicKeyboardMapViewController.h in Headers */,
				A1EFF8C11C145B43005636E5 /* KZPMusicKeyboardSpellingViewController.h in Headers */,
				A1EFF8661C142C9B005636E5 /* KZPMusicPitchData.h in Headers */,
				A19FB8F71C16538E00B54305 /* KZPMusicKeyboardRibbonButton.h in Headers */,
			);
			runOnlyForDeploymentPostprocessing = 0;
		};
/* End PBXHeadersBuildPhase section */

/* Begin PBXNativeTarget section */
		C989F1BC19AF07AB002608F7 /* KZPMusicKeyboard */ = {
			isa = PBXNativeTarget;
			buildConfigurationList = C989F1EF19AF07AC002608F7 /* Build configuration list for PBXNativeTarget "KZPMusicKeyboard" */;
			buildPhases = (
				F4F6D8BBCA7CE054133DE8E3 /* Check Pods Manifest.lock */,
				C989F1B919AF07AB002608F7 /* Sources */,
				C989F1BA19AF07AB002608F7 /* Frameworks */,
				C989F1BB19AF07AB002608F7 /* Resources */,
				C989F51E19AF8532002608F7 /* Headers */,
				AF5FDFDAE33D7D62D9F0E343 /* Embed Pods Frameworks */,
				6D752C2D6D54E0499EEA682B /* Copy Pods Resources */,
			);
			buildRules = (
			);
			dependencies = (
			);
			name = KZPMusicKeyboard;
			productName = KZPMusicKeyboard;
			productReference = C989F1BD19AF07AB002608F7 /* KZPMusicKeyboard.app */;
			productType = "com.apple.product-type.application";
		};
		C989F1DD19AF07AC002608F7 /* KZPMusicKeyboardTests */ = {
			isa = PBXNativeTarget;
			buildConfigurationList = C989F1F219AF07AC002608F7 /* Build configuration list for PBXNativeTarget "KZPMusicKeyboardTests" */;
			buildPhases = (
				C989F1DA19AF07AC002608F7 /* Sources */,
				C989F1DB19AF07AC002608F7 /* Frameworks */,
				C989F1DC19AF07AC002608F7 /* Resources */,
			);
			buildRules = (
			);
			dependencies = (
				C989F1E419AF07AC002608F7 /* PBXTargetDependency */,
			);
			name = KZPMusicKeyboardTests;
			productName = KZPMusicKeyboardTests;
			productReference = C989F1DE19AF07AC002608F7 /* KZPMusicKeyboardTests.xctest */;
			productType = "com.apple.product-type.bundle.unit-test";
		};
/* End PBXNativeTarget section */

/* Begin PBXProject section */
		C989F1B519AF07AB002608F7 /* Project object */ = {
			isa = PBXProject;
			attributes = {
				LastTestingUpgradeCheck = 0710;
				LastUpgradeCheck = 0710;
				ORGANIZATIONNAME = Sudoseng;
				TargetAttributes = {
					C989F1DD19AF07AC002608F7 = {
						TestTargetID = C989F1BC19AF07AB002608F7;
					};
				};
			};
			buildConfigurationList = C989F1B819AF07AB002608F7 /* Build configuration list for PBXProject "KZPMusicKeyboard" */;
			compatibilityVersion = "Xcode 3.2";
			developmentRegion = English;
			hasScannedForEncodings = 0;
			knownRegions = (
				en,
				Base,
			);
			mainGroup = C989F1B419AF07AB002608F7;
			productRefGroup = C989F1BE19AF07AB002608F7 /* Products */;
			projectDirPath = "";
			projectRoot = "";
			targets = (
				C989F1BC19AF07AB002608F7 /* KZPMusicKeyboard */,
				C989F1DD19AF07AC002608F7 /* KZPMusicKeyboardTests */,
			);
		};
/* End PBXProject section */

/* Begin PBXResourcesBuildPhase section */
		C989F1BB19AF07AB002608F7 /* Resources */ = {
			isa = PBXResourcesBuildPhase;
			buildActionMask = 2147483647;
			files = (
				A1EFF88E1C144910005636E5 /* ebony_keyup.png in Resources */,
				A19FB8E11C1487DC00B54305 /* KZPMusicKeyboardRibbonView.xib in Resources */,
				C989F1D919AF07AC002608F7 /* Images.xcassets in Resources */,
				A1EFF8991C144910005636E5 /* music-dsquaver.png in Resources */,
				A1EFF8A21C144910005636E5 /* music-squaver.png in Resources */,
				A1EFF88D1C144910005636E5 /* ebony_keydown.png in Resources */,
				A1EFF8A41C144910005636E5 /* music-wt.png in Resources */,
				A1EFF8A71C144910005636E5 /* piano_keyboard.png in Resources */,
				A19FB8E21C1487DC00B54305 /* KZPMusicKeyboardView.xib in Resources */,
				A1EFF8981C144910005636E5 /* music-double-sharp.png in Resources */,
				A1EFF8A31C144910005636E5 /* music-tie.png in Resources */,
				C989F1CB19AF07AC002608F7 /* InfoPlist.strings in Resources */,
				A1EFF88F1C144910005636E5 /* ivory_keydown.png in Resources */,
				A1EFF89C1C144910005636E5 /* music-minim.png in Resources */,
				A1EFF89F1C144910005636E5 /* music-quaver.png in Resources */,
				A1EFF8941C144910005636E5 /* music-dot.png in Resources */,
				A1EFF88A1C144910005636E5 /* backspace.png in Resources */,
				A1EFF8A01C144910005636E5 /* music-sharp-inverted.png in Resources */,
				A1EFF89B1C144910005636E5 /* music-flat.png in Resources */,
				A1EFF8A61C144910005636E5 /* piano_icon.png in Resources */,
				A1EFF8A51C144910005636E5 /* music-rests.png in Resources */,
				A1EFF8A11C144910005636E5 /* music-sharp.png in Resources */,
				C989F1D419AF07AC002608F7 /* Main.storyboard in Resources */,
				A1EFF89E1C144910005636E5 /* music-natural.png in Resources */,
				A1EFF88C1C144910005636E5 /* dismiss.png in Resources */,
				A1EFF8931C144910005636E5 /* music-crotchet.png in Resources */,
				A1EFF8921C144910005636E5 /* music-accidentals.png in Resources */,
				A1EFF89D1C144910005636E5 /* music-natural-inverted.png in Resources */,
				A1EFF8971C144910005636E5 /* music-double-sharp-inverted.png in Resources */,
				A1EFF8951C144910005636E5 /* music-double-flat-inverted.png in Resources */,
				A1EFF8901C144910005636E5 /* ivory_keyup.png in Resources */,
				A1EFF8961C144910005636E5 /* music-double-flat.png in Resources */,
				A1EFF88B1C144910005636E5 /* bg-wood.jpg in Resources */,
				A1EFF89A1C144910005636E5 /* music-flat-inverted.png in Resources */,
				A19FB8E01C1487DC00B54305 /* KZPMusicKeyboardMapView.xib in Resources */,
				A1EFF8911C144910005636E5 /* keyboard_map.jpeg in Resources */,
			);
			runOnlyForDeploymentPostprocessing = 0;
		};
		C989F1DC19AF07AC002608F7 /* Resources */ = {
			isa = PBXResourcesBuildPhase;
			buildActionMask = 2147483647;
			files = (
				C989F1EA19AF07AC002608F7 /* InfoPlist.strings in Resources */,
			);
			runOnlyForDeploymentPostprocessing = 0;
		};
/* End PBXResourcesBuildPhase section */

/* Begin PBXShellScriptBuildPhase section */
		6D752C2D6D54E0499EEA682B /* Copy Pods Resources */ = {
			isa = PBXShellScriptBuildPhase;
			buildActionMask = 2147483647;
			files = (
			);
			inputPaths = (
			);
			name = "Copy Pods Resources";
			outputPaths = (
			);
			runOnlyForDeploymentPostprocessing = 0;
			shellPath = /bin/sh;
			shellScript = "\"${SRCROOT}/../Pods/Target Support Files/Pods/Pods-resources.sh\"\n";
			showEnvVarsInLog = 0;
		};
		AF5FDFDAE33D7D62D9F0E343 /* Embed Pods Frameworks */ = {
			isa = PBXShellScriptBuildPhase;
			buildActionMask = 2147483647;
			files = (
			);
			inputPaths = (
			);
			name = "Embed Pods Frameworks";
			outputPaths = (
			);
			runOnlyForDeploymentPostprocessing = 0;
			shellPath = /bin/sh;
			shellScript = "\"${SRCROOT}/../Pods/Target Support Files/Pods/Pods-frameworks.sh\"\n";
			showEnvVarsInLog = 0;
		};
		F4F6D8BBCA7CE054133DE8E3 /* Check Pods Manifest.lock */ = {
			isa = PBXShellScriptBuildPhase;
			buildActionMask = 2147483647;
			files = (
			);
			inputPaths = (
			);
			name = "Check Pods Manifest.lock";
			outputPaths = (
			);
			runOnlyForDeploymentPostprocessing = 0;
			shellPath = /bin/sh;
			shellScript = "diff \"${PODS_ROOT}/../Podfile.lock\" \"${PODS_ROOT}/Manifest.lock\" > /dev/null\nif [[ $? != 0 ]] ; then\n    cat << EOM\nerror: The sandbox is not in sync with the Podfile.lock. Run 'pod install' or update your CocoaPods installation.\nEOM\n    exit 1\nfi\n";
			showEnvVarsInLog = 0;
		};
/* End PBXShellScriptBuildPhase section */

/* Begin PBXSourcesBuildPhase section */
		C989F1B919AF07AB002608F7 /* Sources */ = {
			isa = PBXSourcesBuildPhase;
			buildActionMask = 2147483647;
			files = (
				C989F2B119AF0A8E002608F7 /* KZPMusicKeyboardViewController.m in Sources */,
				A1EFF8B81C14578C005636E5 /* KZPMusicKeyboardRibbonViewController.m in Sources */,
				A1EFF8AD1C1452CB005636E5 /* KZPMusicKeyboardAudio.m in Sources */,
				C989F1D719AF07AC002608F7 /* ViewController.m in Sources */,
				A1EFF8CD1C145E06005636E5 /* KZPMusicKeyboardDataAggregator.m in Sources */,
				A1EFF8671C142C9B005636E5 /* KZPMusicPitchData.m in Sources */,
				A19FB8F41C16530C00B54305 /* KZPMusicKeyboardSpellingButton.m in Sources */,
				A1EFF8BE1C145B2E005636E5 /* KZPMusicKeyboardMapViewController.m in Sources */,
				A19FB8F81C16538E00B54305 /* KZPMusicKeyboardRibbonButton.m in Sources */,
				C989F2B319AF0A8E002608F7 /* KZPMusicKeyboard.m in Sources */,
				A1EFF8621C142C7E005636E5 /* KZPMusicDurationData.m in Sources */,
				C989F1D119AF07AC002608F7 /* AppDelegate.m in Sources */,
				C989F1CD19AF07AC002608F7 /* main.m in Sources */,
				A19FB8F01C15CC7800B54305 /* KZPKeyboardSuperview.m in Sources */,
				C989F2BE19AF0C2F002608F7 /* UIView+frameOperations.m in Sources */,
				A1EFF8C21C145B43005636E5 /* KZPMusicKeyboardSpellingViewController.m in Sources */,
			);
			runOnlyForDeploymentPostprocessing = 0;
		};
		C989F1DA19AF07AC002608F7 /* Sources */ = {
			isa = PBXSourcesBuildPhase;
			buildActionMask = 2147483647;
			files = (
				C989F1EC19AF07AC002608F7 /* KZPMusicKeyboardTests.m in Sources */,
				A1EFF8681C142C9B005636E5 /* KZPMusicPitchData.m in Sources */,
				A1EFF8631C142C7E005636E5 /* KZPMusicDurationData.m in Sources */,
			);
			runOnlyForDeploymentPostprocessing = 0;
		};
/* End PBXSourcesBuildPhase section */

/* Begin PBXTargetDependency section */
		C989F1E419AF07AC002608F7 /* PBXTargetDependency */ = {
			isa = PBXTargetDependency;
			target = C989F1BC19AF07AB002608F7 /* KZPMusicKeyboard */;
			targetProxy = C989F1E319AF07AC002608F7 /* PBXContainerItemProxy */;
		};
/* End PBXTargetDependency section */

/* Begin PBXVariantGroup section */
		C989F1C919AF07AC002608F7 /* InfoPlist.strings */ = {
			isa = PBXVariantGroup;
			children = (
				C989F1CA19AF07AC002608F7 /* en */,
			);
			name = InfoPlist.strings;
			sourceTree = "<group>";
		};
		C989F1D219AF07AC002608F7 /* Main.storyboard */ = {
			isa = PBXVariantGroup;
			children = (
				C989F1D319AF07AC002608F7 /* Base */,
			);
			name = Main.storyboard;
			sourceTree = "<group>";
		};
		C989F1E819AF07AC002608F7 /* InfoPlist.strings */ = {
			isa = PBXVariantGroup;
			children = (
				C989F1E919AF07AC002608F7 /* en */,
			);
			name = InfoPlist.strings;
			sourceTree = "<group>";
		};
/* End PBXVariantGroup section */

/* Begin XCBuildConfiguration section */
		C989F1ED19AF07AC002608F7 /* Debug */ = {
			isa = XCBuildConfiguration;
			buildSettings = {
				ALWAYS_SEARCH_USER_PATHS = NO;
				CLANG_CXX_LANGUAGE_STANDARD = "gnu++0x";
				CLANG_CXX_LIBRARY = "libc++";
				CLANG_ENABLE_MODULES = YES;
				CLANG_ENABLE_OBJC_ARC = YES;
				CLANG_WARN_BOOL_CONVERSION = YES;
				CLANG_WARN_CONSTANT_CONVERSION = YES;
				CLANG_WARN_DIRECT_OBJC_ISA_USAGE = YES_ERROR;
				CLANG_WARN_EMPTY_BODY = YES;
				CLANG_WARN_ENUM_CONVERSION = YES;
				CLANG_WARN_INT_CONVERSION = YES;
				CLANG_WARN_OBJC_ROOT_CLASS = YES_ERROR;
				CLANG_WARN__DUPLICATE_METHOD_MATCH = YES;
				"CODE_SIGN_IDENTITY[sdk=iphoneos*]" = "iPhone Developer";
				COPY_PHASE_STRIP = NO;
				ENABLE_TESTABILITY = YES;
				FRAMEWORK_SEARCH_PATHS = "";
				GCC_C_LANGUAGE_STANDARD = gnu99;
				GCC_DYNAMIC_NO_PIC = NO;
				GCC_OPTIMIZATION_LEVEL = 0;
				GCC_PREPROCESSOR_DEFINITIONS = (
					"DEBUG=1",
					"$(inherited)",
				);
				GCC_SYMBOLS_PRIVATE_EXTERN = NO;
				GCC_WARN_64_TO_32_BIT_CONVERSION = YES;
				GCC_WARN_ABOUT_RETURN_TYPE = YES_ERROR;
				GCC_WARN_UNDECLARED_SELECTOR = YES;
				GCC_WARN_UNINITIALIZED_AUTOS = YES_AGGRESSIVE;
				GCC_WARN_UNUSED_FUNCTION = YES;
				GCC_WARN_UNUSED_VARIABLE = YES;
				IPHONEOS_DEPLOYMENT_TARGET = 7.1;
				ONLY_ACTIVE_ARCH = YES;
				SDKROOT = iphoneos;
				TARGETED_DEVICE_FAMILY = 2;
			};
			name = Debug;
		};
		C989F1EE19AF07AC002608F7 /* Release */ = {
			isa = XCBuildConfiguration;
			buildSettings = {
				ALWAYS_SEARCH_USER_PATHS = NO;
				CLANG_CXX_LANGUAGE_STANDARD = "gnu++0x";
				CLANG_CXX_LIBRARY = "libc++";
				CLANG_ENABLE_MODULES = YES;
				CLANG_ENABLE_OBJC_ARC = YES;
				CLANG_WARN_BOOL_CONVERSION = YES;
				CLANG_WARN_CONSTANT_CONVERSION = YES;
				CLANG_WARN_DIRECT_OBJC_ISA_USAGE = YES_ERROR;
				CLANG_WARN_EMPTY_BODY = YES;
				CLANG_WARN_ENUM_CONVERSION = YES;
				CLANG_WARN_INT_CONVERSION = YES;
				CLANG_WARN_OBJC_ROOT_CLASS = YES_ERROR;
				CLANG_WARN__DUPLICATE_METHOD_MATCH = YES;
				"CODE_SIGN_IDENTITY[sdk=iphoneos*]" = "iPhone Developer";
				COPY_PHASE_STRIP = YES;
				ENABLE_NS_ASSERTIONS = NO;
				FRAMEWORK_SEARCH_PATHS = "";
				GCC_C_LANGUAGE_STANDARD = gnu99;
				GCC_WARN_64_TO_32_BIT_CONVERSION = YES;
				GCC_WARN_ABOUT_RETURN_TYPE = YES_ERROR;
				GCC_WARN_UNDECLARED_SELECTOR = YES;
				GCC_WARN_UNINITIALIZED_AUTOS = YES_AGGRESSIVE;
				GCC_WARN_UNUSED_FUNCTION = YES;
				GCC_WARN_UNUSED_VARIABLE = YES;
				IPHONEOS_DEPLOYMENT_TARGET = 7.1;
				SDKROOT = iphoneos;
				TARGETED_DEVICE_FAMILY = 2;
				VALIDATE_PRODUCT = YES;
			};
			name = Release;
		};
		C989F1F019AF07AC002608F7 /* Debug */ = {
			isa = XCBuildConfiguration;
			baseConfigurationReference = 8F7A20FB70E3F1CF3440ABB3 /* Pods.debug.xcconfig */;
			buildSettings = {
				ASSETCATALOG_COMPILER_APPICON_NAME = AppIcon;
				ASSETCATALOG_COMPILER_LAUNCHIMAGE_NAME = LaunchImage;
				FRAMEWORK_SEARCH_PATHS = (
					"$(SDKROOT)/Developer/Library/Frameworks",
					"$(inherited)",
					"$(DEVELOPER_FRAMEWORKS_DIR)",
				);
				GCC_PRECOMPILE_PREFIX_HEADER = YES;
				GCC_PREFIX_HEADER = "KZPMusicKeyboard/KZPMusicKeyboard-Prefix.pch";
				INFOPLIST_FILE = "KZPMusicKeyboard/KZPMusicKeyboard-Info.plist";
				PRODUCT_BUNDLE_IDENTIFIER = "net.mrankin.${PRODUCT_NAME:rfc1034identifier}";
				PRODUCT_NAME = "$(TARGET_NAME)";
				WRAPPER_EXTENSION = app;
			};
			name = Debug;
		};
		C989F1F119AF07AC002608F7 /* Release */ = {
			isa = XCBuildConfiguration;
			baseConfigurationReference = 26BDAF1873AC7170CC619915 /* Pods.release.xcconfig */;
			buildSettings = {
				ASSETCATALOG_COMPILER_APPICON_NAME = AppIcon;
				ASSETCATALOG_COMPILER_LAUNCHIMAGE_NAME = LaunchImage;
				FRAMEWORK_SEARCH_PATHS = (
					"$(SDKROOT)/Developer/Library/Frameworks",
					"$(inherited)",
					"$(DEVELOPER_FRAMEWORKS_DIR)",
				);
				GCC_PRECOMPILE_PREFIX_HEADER = YES;
				GCC_PREFIX_HEADER = "KZPMusicKeyboard/KZPMusicKeyboard-Prefix.pch";
				INFOPLIST_FILE = "KZPMusicKeyboard/KZPMusicKeyboard-Info.plist";
				PRODUCT_BUNDLE_IDENTIFIER = "net.mrankin.${PRODUCT_NAME:rfc1034identifier}";
				PRODUCT_NAME = "$(TARGET_NAME)";
				WRAPPER_EXTENSION = app;
			};
			name = Release;
		};
		C989F1F319AF07AC002608F7 /* Debug */ = {
			isa = XCBuildConfiguration;
			buildSettings = {
				BUNDLE_LOADER = "$(BUILT_PRODUCTS_DIR)/KZPMusicKeyboard.app/KZPMusicKeyboard";
				FRAMEWORK_SEARCH_PATHS = (
					"$(SDKROOT)/Developer/Library/Frameworks",
					"$(inherited)",
					"$(DEVELOPER_FRAMEWORKS_DIR)",
				);
				GCC_PRECOMPILE_PREFIX_HEADER = YES;
				GCC_PREFIX_HEADER = "KZPMusicKeyboard/KZPMusicKeyboard-Prefix.pch";
				GCC_PREPROCESSOR_DEFINITIONS = (
					"DEBUG=1",
					"$(inherited)",
				);
				INFOPLIST_FILE = "KZPMusicKeyboardTests/KZPMusicKeyboardTests-Info.plist";
				PRODUCT_BUNDLE_IDENTIFIER = "net.mrankin.${PRODUCT_NAME:rfc1034identifier}";
				PRODUCT_NAME = "$(TARGET_NAME)";
				TEST_HOST = "$(BUNDLE_LOADER)";
				WRAPPER_EXTENSION = xctest;
			};
			name = Debug;
		};
		C989F1F419AF07AC002608F7 /* Release */ = {
			isa = XCBuildConfiguration;
			buildSettings = {
				BUNDLE_LOADER = "$(BUILT_PRODUCTS_DIR)/KZPMusicKeyboard.app/KZPMusicKeyboard";
				FRAMEWORK_SEARCH_PATHS = (
					"$(SDKROOT)/Developer/Library/Frameworks",
					"$(inherited)",
					"$(DEVELOPER_FRAMEWORKS_DIR)",
				);
				GCC_PRECOMPILE_PREFIX_HEADER = YES;
				GCC_PREFIX_HEADER = "KZPMusicKeyboard/KZPMusicKeyboard-Prefix.pch";
				INFOPLIST_FILE = "KZPMusicKeyboardTests/KZPMusicKeyboardTests-Info.plist";
				PRODUCT_BUNDLE_IDENTIFIER = "net.mrankin.${PRODUCT_NAME:rfc1034identifier}";
				PRODUCT_NAME = "$(TARGET_NAME)";
				TEST_HOST = "$(BUNDLE_LOADER)";
				WRAPPER_EXTENSION = xctest;
			};
			name = Release;
		};
/* End XCBuildConfiguration section */

/* Begin XCConfigurationList section */
		C989F1B819AF07AB002608F7 /* Build configuration list for PBXProject "KZPMusicKeyboard" */ = {
			isa = XCConfigurationList;
			buildConfigurations = (
				C989F1ED19AF07AC002608F7 /* Debug */,
				C989F1EE19AF07AC002608F7 /* Release */,
			);
			defaultConfigurationIsVisible = 0;
			defaultConfigurationName = Release;
		};
		C989F1EF19AF07AC002608F7 /* Build configuration list for PBXNativeTarget "KZPMusicKeyboard" */ = {
			isa = XCConfigurationList;
			buildConfigurations = (
				C989F1F019AF07AC002608F7 /* Debug */,
				C989F1F119AF07AC002608F7 /* Release */,
			);
			defaultConfigurationIsVisible = 0;
			defaultConfigurationName = Release;
		};
		C989F1F219AF07AC002608F7 /* Build configuration list for PBXNativeTarget "KZPMusicKeyboardTests" */ = {
			isa = XCConfigurationList;
			buildConfigurations = (
				C989F1F319AF07AC002608F7 /* Debug */,
				C989F1F419AF07AC002608F7 /* Release */,
			);
			defaultConfigurationIsVisible = 0;
			defaultConfigurationName = Release;
		};
/* End XCConfigurationList section */
	};
	rootObject = C989F1B519AF07AB002608F7 /* Project object */;
}
